
Microsoft Visual Studio Solution File, Format Version 12.00
# Visual Studio 14
VisualStudioVersion = 14.0.25420.1
MinimumVisualStudioVersion = 10.0.40219.1
Project("{FAE04EC0-301F-11D3-BF4B-00C04F79EFBC}") = "gEngine.Graph.Interface", "gEngine.Graph.Interface\gEngine.Graph.Interface.csproj", "{1C98A821-B030-4FF2-83AE-D49B1B3B8C67}"
EndProject
Project("{FAE04EC0-301F-11D3-BF4B-00C04F79EFBC}") = "gEngine.View", "gEngine.View\gEngine.View.csproj", "{932485EA-2F95-4CAA-8BCD-DF68C496854E}"
EndProject
Project("{2150E333-8FDC-42A3-9474-1A3956D46DE8}") = "Examples", "Examples", "{84B78181-2142-4B58-9FDC-0C21C5733A58}"
EndProject
Project("{FAE04EC0-301F-11D3-BF4B-00C04F79EFBC}") = "gEngine.Graph.Ge", "gEngine.Graph.Ge\gEngine.Graph.Ge.csproj", "{3BD77E4F-A348-4EDB-B60C-68B749249B91}"
EndProject
Project("{FAE04EC0-301F-11D3-BF4B-00C04F79EFBC}") = "gEngine.Util", "gEngine.Util\gEngine.Util.csproj", "{84ACB6C4-CF62-4F4B-A7E5-5C642EDC041A}"
EndProject
Project("{FAE04EC0-301F-11D3-BF4B-00C04F79EFBC}") = "gEngine.Manipulator", "gEngine.Manipulator\gEngine.Manipulator.csproj", "{B4EEDB17-EB3D-4E22-AB7C-D8E366564B8F}"
EndProject
Project("{FAE04EC0-301F-11D3-BF4B-00C04F79EFBC}") = "gEngine.Data.Interface", "gEngine.Data.Interface\gEngine.Data.Interface.csproj", "{B1C2609B-A3ED-43E0-9DA2-DF27029D44FC}"
EndProject
Project("{FAE04EC0-301F-11D3-BF4B-00C04F79EFBC}") = "gEngine.Data.Ge", "gEngine.Data.Ge\gEngine.Data.Ge.csproj", "{94C3209D-A3A9-4D3C-B851-C14D390CC23A}"
EndProject
Project("{FAE04EC0-301F-11D3-BF4B-00C04F79EFBC}") = "gEngine.Data.Ge.Txt", "gEngine.Data.Ge.Txt\gEngine.Data.Ge.Txt.csproj", "{48A388BF-1160-46E5-A68C-E5A819026C6E}"
EndProject
Project("{FAE04EC0-301F-11D3-BF4B-00C04F79EFBC}") = "gEngine.View.Ge.Plane", "gEngine.View.Ge.Plane\gEngine.View.Ge.Plane.csproj", "{57F49817-A06C-4B8B-BC19-B6CD36800969}"
EndProject
Project("{FAE04EC0-301F-11D3-BF4B-00C04F79EFBC}") = "gEngine.Util.Ge.Plane", "gEngine.Util.Ge.Plane\gEngine.Util.Ge.Plane.csproj", "{73F67444-D0E8-4EAC-8951-8B5C8D8F42CD}"
EndProject
Project("{FAE04EC0-301F-11D3-BF4B-00C04F79EFBC}") = "gEngine.Graph.Ge.Section", "gEngine.Graph.Ge.Section\gEngine.Graph.Ge.Section.csproj", "{53D7A20D-84B5-499F-B183-D440854B7C8C}"
EndProject
Project("{FAE04EC0-301F-11D3-BF4B-00C04F79EFBC}") = "gEngine.Util.Ge.Section", "gEngine.Util.Ge.Section\gEngine.Util.Ge.Section.csproj", "{B3D6B10A-4C31-4981-97FA-3437CB583729}"
EndProject
Project("{FAE04EC0-301F-11D3-BF4B-00C04F79EFBC}") = "gEngine.View.Ge.Section", "gEngine.View.Ge.Section\gEngine.View.Ge.Section.csproj", "{94FB234D-24AD-4FD9-BC79-0257073BC3EB}"
EndProject
Project("{FAE04EC0-301F-11D3-BF4B-00C04F79EFBC}") = "gEngine.Manipulator.Ge.Plane", "gEngine.Manipulator.Ge.Plane\gEngine.Manipulator.Ge.Plane.csproj", "{70026887-FD51-4A98-8E50-4B55F750013B}"
EndProject
Project("{FAE04EC0-301F-11D3-BF4B-00C04F79EFBC}") = "gEngine.Manipulator.Ge.Section", "gEngine.Manipulator.Ge.Section\gEngine.Manipulator.Ge.Section.csproj", "{036A5D25-0AF4-4259-B83A-E04026F1749C}"
EndProject
Project("{FAE04EC0-301F-11D3-BF4B-00C04F79EFBC}") = "gEngine.Graph.Ge.Basic", "gEngine.Graph.Ge.Basic\gEngine.Graph.Ge.Basic.csproj", "{DB606377-AAA0-45BD-A6BE-4F4C4CD111AF}"
EndProject
Project("{FAE04EC0-301F-11D3-BF4B-00C04F79EFBC}") = "gEngine.Manipulator.Ge.Basic", "gEngine.Manipulator.Ge.Basic\gEngine.Manipulator.Ge.Basic.csproj", "{D22A8E54-B94B-4657-AAC3-09BA23F213F1}"
EndProject
Project("{FAE04EC0-301F-11D3-BF4B-00C04F79EFBC}") = "gEngine.Util.Ge.Basic", "gEngine.Util.Ge.Basic\gEngine.Util.Ge.Basic.csproj", "{B85489F1-D87B-4740-AD9C-77195B8743F3}"
EndProject
Project("{FAE04EC0-301F-11D3-BF4B-00C04F79EFBC}") = "gEngine.View.Ge.Basic", "gEngine.View.Ge.Basic\gEngine.View.Ge.Basic.csproj", "{68766B32-0E50-4B96-987B-A8CB20535573}"
EndProject
Project("{FAE04EC0-301F-11D3-BF4B-00C04F79EFBC}") = "gEngine.Graph.Ge.Column", "gEngine.Graph.Ge.Column\gEngine.Graph.Ge.Column.csproj", "{95227940-90F7-40B4-9027-3EEECD8ED6DE}"
EndProject
Project("{FAE04EC0-301F-11D3-BF4B-00C04F79EFBC}") = "gEngine.Manipulator.Ge.Column", "gEngine.Manipulator.Ge.Column\gEngine.Manipulator.Ge.Column.csproj", "{770BC631-DE5F-4D45-9F2D-B0A1C20661EE}"
EndProject
Project("{FAE04EC0-301F-11D3-BF4B-00C04F79EFBC}") = "gEngine.Util.Ge.Column", "gEngine.Util.Ge.Column\gEngine.Util.Ge.Column.csproj", "{6209A699-8823-4A0B-8A0C-BDAE9CE52305}"
EndProject
Project("{FAE04EC0-301F-11D3-BF4B-00C04F79EFBC}") = "gEngine.View.Ge.Column", "gEngine.View.Ge.Column\gEngine.View.Ge.Column.csproj", "{763B3662-8A27-45BE-90A6-B2BD51C2CA47}"
EndProject
Project("{FAE04EC0-301F-11D3-BF4B-00C04F79EFBC}") = "gEngine.Graph.Ge.Plane", "gEngine.Graph.Ge.Plane\gEngine.Graph.Ge.Plane.csproj", "{82739B38-8706-493D-A571-C743AFCEAD12}"
EndProject
Project("{FAE04EC0-301F-11D3-BF4B-00C04F79EFBC}") = "gEngineTest.Ge.WellLocation", "Examples\gEngineTest.Ge.WellLocation\gEngineTest.Ge.WellLocation.csproj", "{41CCE278-3322-4AEB-A637-1C1BFF69FE82}"
EndProject
Project("{FAE04EC0-301F-11D3-BF4B-00C04F79EFBC}") = "gEngineTest.Ge.Basic", "Examples\gEngineTest.Ge.Basic\gEngineTest.Ge.Basic.csproj", "{2D91750A-80C8-4218-8CEF-089EB651FE2E}"
EndProject
Project("{FAE04EC0-301F-11D3-BF4B-00C04F79EFBC}") = "gEngineTest.Ge.Well", "Examples\gEngineTest.Ge.Well\gEngineTest.Ge.Well.csproj", "{57412D65-9D51-407A-8ABC-6DE7314DCB27}"
EndProject
Project("{FAE04EC0-301F-11D3-BF4B-00C04F79EFBC}") = "gEngine.Symbol", "gEngine.View.Symbol\gEngine.Symbol.csproj", "{1600379B-C8B5-4375-A1D5-3B81BD7FCCF7}"
EndProject
Project("{FAE04EC0-301F-11D3-BF4B-00C04F79EFBC}") = "gEngineTest.Symbol", "Examples\gEngineTest.Symbol\gEngineTest.Symbol.csproj", "{037D8DD3-B14B-437E-B573-AD54F6CB77AE}"
EndProject
Project("{2150E333-8FDC-42A3-9474-1A3956D46DE8}") = "Application", "Application", "{72884909-54E3-4256-901A-2B2B8B0B31FD}"
EndProject
Project("{FAE04EC0-301F-11D3-BF4B-00C04F79EFBC}") = "gEngineTest.Ge.Section", "Examples\gEngineTest.Ge.Section\gEngineTest.Ge.Section.csproj", "{0BE5E6DA-3063-4E00-AA63-4AD3AC413BAF}"
EndProject
Project("{FAE04EC0-301F-11D3-BF4B-00C04F79EFBC}") = "gEngineTest.MapDxTab", "Examples\gEngineTest.MapDxTab\gEngineTest.MapDxTab.csproj", "{DDA66E69-0D5D-419E-A760-05D2303E43F1}"
EndProject
Project("{FAE04EC0-301F-11D3-BF4B-00C04F79EFBC}") = "gSection", "Application\gSection\gSection.csproj", "{F4418D0A-FADB-4B35-8F75-EAF8DAD80D8E}"
EndProject
Project("{FAE04EC0-301F-11D3-BF4B-00C04F79EFBC}") = "gEngineTest.Log", "Examples\gEngineTest.Log\gEngineTest.Log.csproj", "{D8292AE6-0A1B-411A-848D-BC3B3ADA5C26}"
EndProject
Project("{FAE04EC0-301F-11D3-BF4B-00C04F79EFBC}") = "gEngine.Graph.Rw.Ge", "gEngine.Graph.Rw.Ge\gEngine.Graph.Rw.Ge.csproj", "{22B205AF-0D40-4854-BDE8-65961840DB5D}"
EndProject
Project("{FAE04EC0-301F-11D3-BF4B-00C04F79EFBC}") = "gEngine.Project", "gEngine.Project\gEngine.Project.csproj", "{87AC18CA-2B57-4F9A-A4C2-24C6E296F91B}"
EndProject
Project("{FAE04EC0-301F-11D3-BF4B-00C04F79EFBC}") = "gEngine.Project.Ge.Plane", "gEngine.Project.Plane\gEngine.Project.Ge.Plane.csproj", "{073E653E-65B9-480B-A556-7005C468BA4A}"
EndProject
Project("{FAE04EC0-301F-11D3-BF4B-00C04F79EFBC}") = "gEngine.Project.Ge.Section", "gEngine.Project.Section\gEngine.Project.Ge.Section.csproj", "{3B16524E-7054-493C-BEB8-8FBA7EEE8A6D}"
EndProject
Project("{FAE04EC0-301F-11D3-BF4B-00C04F79EFBC}") = "gEngine.Commands", "gEngine.Commands\gEngine.Commands.csproj", "{BC931BB9-D78C-437D-B5D2-04BE6E318172}"
EndProject
Project("{FAE04EC0-301F-11D3-BF4B-00C04F79EFBC}") = "gEngine.Project.Ge.Basic", "gEngine.Project.Basic\gEngine.Project.Ge.Basic.csproj", "{FC48C1FD-EA48-41E3-8048-498FC61D141E}"
EndProject
Project("{2150E333-8FDC-42A3-9474-1A3956D46DE8}") = "Plugins", "Plugins", "{678B7A78-05D7-4C7A-A02E-B399C3EF5E3A}"
EndProject
Project("{2150E333-8FDC-42A3-9474-1A3956D46DE8}") = "Core", "Core", "{4F8ADD10-3A7F-4A53-9438-B9AD15551C19}"
EndProject
Project("{2150E333-8FDC-42A3-9474-1A3956D46DE8}") = "Data", "Data", "{972305FC-E6A8-4647-8B33-FD2EDDBFE94C}"
EndProject
Project("{2150E333-8FDC-42A3-9474-1A3956D46DE8}") = "Graph", "Graph", "{E8A3B024-4151-48CB-9ED6-0F7B48EE5D0A}"
EndProject
Project("{2150E333-8FDC-42A3-9474-1A3956D46DE8}") = "Project", "Project", "{589C1B5C-77EE-46C7-A150-63B48DF1EAFB}"
EndProject
Project("{2150E333-8FDC-42A3-9474-1A3956D46DE8}") = "Manipulator", "Manipulator", "{8BC3778C-65DA-45E7-ADAD-ADF769336DD3}"
EndProject
Project("{2150E333-8FDC-42A3-9474-1A3956D46DE8}") = "View", "View", "{A4D56E74-4495-451C-8EE6-91D203FC1C17}"
EndProject
Project("{2150E333-8FDC-42A3-9474-1A3956D46DE8}") = "Ge", "Ge", "{D02019C7-CFE7-456D-ADC2-BDDAD215515A}"
EndProject
Project("{2150E333-8FDC-42A3-9474-1A3956D46DE8}") = "Util", "Util", "{64FB7247-85F0-4BB8-9A34-D06843F429AB}"
EndProject
Project("{2150E333-8FDC-42A3-9474-1A3956D46DE8}") = "ReadWriter", "ReadWriter", "{9CF1142E-4F77-4ED5-B5FB-2BA0E8D99FFF}"
EndProject
Project("{2150E333-8FDC-42A3-9474-1A3956D46DE8}") = "Symbol", "Symbol", "{FEB2131F-6079-4129-9659-C09DE8968EA8}"
EndProject
Project("{FAE04EC0-301F-11D3-BF4B-00C04F79EFBC}") = "gEngine.Symbol.gpt", "gEngine.Symbol.gpt\gEngine.Symbol.gpt.csproj", "{0D307475-F570-49A5-A97A-F0B2CBD88005}"
EndProject
Project("{FAE04EC0-301F-11D3-BF4B-00C04F79EFBC}") = "gEngine.Graph.Rw.Ge.Basic", "gEngine.Graph.Rw.Ge.Basic\gEngine.Graph.Rw.Ge.Basic.csproj", "{060EF400-60DE-46A7-BCD0-5A91089044AF}"
EndProject
Project("{FAE04EC0-301F-11D3-BF4B-00C04F79EFBC}") = "gEngine.Graph.Rw.Ge.Column", "gEngine.Graph.Rw.Ge.Column\gEngine.Graph.Rw.Ge.Column.csproj", "{1AE4F1D2-7176-4603-BB89-39307D11E6D5}"
EndProject
Project("{FAE04EC0-301F-11D3-BF4B-00C04F79EFBC}") = "gEngine.Graph.Rw.Ge.Plane", "gEngine.Graph.Rw.Ge.Plane\gEngine.Graph.Rw.Ge.Plane.csproj", "{299DA405-4525-4A5D-964F-F64F18AC6211}"
EndProject
Project("{FAE04EC0-301F-11D3-BF4B-00C04F79EFBC}") = "gEngine.Graph.Rw.Ge.Section", "gEngine.Graph.Rw.Ge.Section\gEngine.Graph.Rw.Ge.Section.csproj", "{6ADF579D-FC58-4AD0-AA68-E87FF98BEFE1}"
EndProject
Project("{FAE04EC0-301F-11D3-BF4B-00C04F79EFBC}") = "gEngine.Symbol.gesym", "gEngine.Symbol.ge\gEngine.Symbol.gesym.csproj", "{62359ABC-F12C-4AE1-B40C-B6C5BA008E31}"
EndProject
Project("{FAE04EC0-301F-11D3-BF4B-00C04F79EFBC}") = "gEngine.View.Ge", "gEngine.View.Ge\gEngine.View.Ge.csproj", "{BC05DE82-7172-43BC-A025-9827E0275209}"
EndProject
Project("{2150E333-8FDC-42A3-9474-1A3956D46DE8}") = "PageCategory", "PageCategory", "{5DA24075-76FD-4692-8D34-6ACB37AD65D5}"
EndProject
Project("{FAE04EC0-301F-11D3-BF4B-00C04F79EFBC}") = "gEngine.RibbonPageCategory.Ge.Plane", "gEngine.RibbonPageCategory.Ge.Plane\gEngine.RibbonPageCategory.Ge.Plane.csproj", "{3CFF3888-7E8C-487E-B2F1-66941E73B2D5}"
EndProject
Project("{FAE04EC0-301F-11D3-BF4B-00C04F79EFBC}") = "gEngine.RibbonPageCategory", "gEngine.RibbonPageCategory\gEngine.RibbonPageCategory.csproj", "{DCE49078-3FAD-4C85-BC8C-713553BFDDD4}"
EndProject
Project("{FAE04EC0-301F-11D3-BF4B-00C04F79EFBC}") = "gEngine.RibbonPageCategory.Ge.Column", "gEngine.RibbonPageCategory.Ge.Column\gEngine.RibbonPageCategory.Ge.Column.csproj", "{06A3DC4E-2921-42DD-8AE2-368AFCB1F063}"
EndProject
Project("{FAE04EC0-301F-11D3-BF4B-00C04F79EFBC}") = "gEngineTest.Manipulator", "Examples\gEngineTest.Manipulator\gEngineTest.Manipulator.csproj", "{DBF578F9-E593-405A-9E6C-9F7AC02F7812}"
EndProject
Project("{2150E333-8FDC-42A3-9474-1A3956D46DE8}") = "Template", "Template", "{82B30986-BE53-442C-A295-BBC096A33910}"
EndProject
Project("{FAE04EC0-301F-11D3-BF4B-00C04F79EFBC}") = "gEngine.Graph.Tpl.Ge", "gEngine.Graph.Tpl.Ge\gEngine.Graph.Tpl.Ge.csproj", "{1C84BF76-326D-48A8-B2D7-EED2E9BDEC99}"
EndProject
Project("{FAE04EC0-301F-11D3-BF4B-00C04F79EFBC}") = "gEngine.RibbonPageCategory.Ge.Basic", "gEngine.RibbonPageCategory.Ge.Basic\gEngine.RibbonPageCategory.Ge.Basic.csproj", "{7B008425-79FF-4480-922D-052CC464DF01}"
EndProject
Global
	GlobalSection(SolutionConfigurationPlatforms) = preSolution
		Debug|Any CPU = Debug|Any CPU
		Release|Any CPU = Release|Any CPU
	EndGlobalSection
	GlobalSection(ProjectConfigurationPlatforms) = postSolution
		{1C98A821-B030-4FF2-83AE-D49B1B3B8C67}.Debug|Any CPU.ActiveCfg = Debug|Any CPU
		{1C98A821-B030-4FF2-83AE-D49B1B3B8C67}.Debug|Any CPU.Build.0 = Debug|Any CPU
		{1C98A821-B030-4FF2-83AE-D49B1B3B8C67}.Release|Any CPU.ActiveCfg = Release|Any CPU
		{1C98A821-B030-4FF2-83AE-D49B1B3B8C67}.Release|Any CPU.Build.0 = Release|Any CPU
		{932485EA-2F95-4CAA-8BCD-DF68C496854E}.Debug|Any CPU.ActiveCfg = Debug|Any CPU
		{932485EA-2F95-4CAA-8BCD-DF68C496854E}.Debug|Any CPU.Build.0 = Debug|Any CPU
		{932485EA-2F95-4CAA-8BCD-DF68C496854E}.Release|Any CPU.ActiveCfg = Release|Any CPU
		{932485EA-2F95-4CAA-8BCD-DF68C496854E}.Release|Any CPU.Build.0 = Release|Any CPU
		{3BD77E4F-A348-4EDB-B60C-68B749249B91}.Debug|Any CPU.ActiveCfg = Debug|Any CPU
		{3BD77E4F-A348-4EDB-B60C-68B749249B91}.Debug|Any CPU.Build.0 = Debug|Any CPU
		{3BD77E4F-A348-4EDB-B60C-68B749249B91}.Release|Any CPU.ActiveCfg = Release|Any CPU
		{3BD77E4F-A348-4EDB-B60C-68B749249B91}.Release|Any CPU.Build.0 = Release|Any CPU
		{84ACB6C4-CF62-4F4B-A7E5-5C642EDC041A}.Debug|Any CPU.ActiveCfg = Debug|Any CPU
		{84ACB6C4-CF62-4F4B-A7E5-5C642EDC041A}.Debug|Any CPU.Build.0 = Debug|Any CPU
		{84ACB6C4-CF62-4F4B-A7E5-5C642EDC041A}.Release|Any CPU.ActiveCfg = Release|Any CPU
		{84ACB6C4-CF62-4F4B-A7E5-5C642EDC041A}.Release|Any CPU.Build.0 = Release|Any CPU
		{B4EEDB17-EB3D-4E22-AB7C-D8E366564B8F}.Debug|Any CPU.ActiveCfg = Debug|Any CPU
		{B4EEDB17-EB3D-4E22-AB7C-D8E366564B8F}.Debug|Any CPU.Build.0 = Debug|Any CPU
		{B4EEDB17-EB3D-4E22-AB7C-D8E366564B8F}.Release|Any CPU.ActiveCfg = Release|Any CPU
		{B4EEDB17-EB3D-4E22-AB7C-D8E366564B8F}.Release|Any CPU.Build.0 = Release|Any CPU
		{B1C2609B-A3ED-43E0-9DA2-DF27029D44FC}.Debug|Any CPU.ActiveCfg = Debug|Any CPU
		{B1C2609B-A3ED-43E0-9DA2-DF27029D44FC}.Debug|Any CPU.Build.0 = Debug|Any CPU
		{B1C2609B-A3ED-43E0-9DA2-DF27029D44FC}.Release|Any CPU.ActiveCfg = Release|Any CPU
		{B1C2609B-A3ED-43E0-9DA2-DF27029D44FC}.Release|Any CPU.Build.0 = Release|Any CPU
		{94C3209D-A3A9-4D3C-B851-C14D390CC23A}.Debug|Any CPU.ActiveCfg = Debug|Any CPU
		{94C3209D-A3A9-4D3C-B851-C14D390CC23A}.Debug|Any CPU.Build.0 = Debug|Any CPU
		{94C3209D-A3A9-4D3C-B851-C14D390CC23A}.Release|Any CPU.ActiveCfg = Release|Any CPU
		{94C3209D-A3A9-4D3C-B851-C14D390CC23A}.Release|Any CPU.Build.0 = Release|Any CPU
		{48A388BF-1160-46E5-A68C-E5A819026C6E}.Debug|Any CPU.ActiveCfg = Debug|Any CPU
		{48A388BF-1160-46E5-A68C-E5A819026C6E}.Debug|Any CPU.Build.0 = Debug|Any CPU
		{48A388BF-1160-46E5-A68C-E5A819026C6E}.Release|Any CPU.ActiveCfg = Release|Any CPU
		{48A388BF-1160-46E5-A68C-E5A819026C6E}.Release|Any CPU.Build.0 = Release|Any CPU
		{57F49817-A06C-4B8B-BC19-B6CD36800969}.Debug|Any CPU.ActiveCfg = Debug|Any CPU
		{57F49817-A06C-4B8B-BC19-B6CD36800969}.Debug|Any CPU.Build.0 = Debug|Any CPU
		{57F49817-A06C-4B8B-BC19-B6CD36800969}.Release|Any CPU.ActiveCfg = Release|Any CPU
		{57F49817-A06C-4B8B-BC19-B6CD36800969}.Release|Any CPU.Build.0 = Release|Any CPU
		{73F67444-D0E8-4EAC-8951-8B5C8D8F42CD}.Debug|Any CPU.ActiveCfg = Debug|Any CPU
		{73F67444-D0E8-4EAC-8951-8B5C8D8F42CD}.Debug|Any CPU.Build.0 = Debug|Any CPU
		{73F67444-D0E8-4EAC-8951-8B5C8D8F42CD}.Release|Any CPU.ActiveCfg = Release|Any CPU
		{73F67444-D0E8-4EAC-8951-8B5C8D8F42CD}.Release|Any CPU.Build.0 = Release|Any CPU
		{53D7A20D-84B5-499F-B183-D440854B7C8C}.Debug|Any CPU.ActiveCfg = Debug|Any CPU
		{53D7A20D-84B5-499F-B183-D440854B7C8C}.Debug|Any CPU.Build.0 = Debug|Any CPU
		{53D7A20D-84B5-499F-B183-D440854B7C8C}.Release|Any CPU.ActiveCfg = Release|Any CPU
		{53D7A20D-84B5-499F-B183-D440854B7C8C}.Release|Any CPU.Build.0 = Release|Any CPU
		{B3D6B10A-4C31-4981-97FA-3437CB583729}.Debug|Any CPU.ActiveCfg = Debug|Any CPU
		{B3D6B10A-4C31-4981-97FA-3437CB583729}.Debug|Any CPU.Build.0 = Debug|Any CPU
		{B3D6B10A-4C31-4981-97FA-3437CB583729}.Release|Any CPU.ActiveCfg = Release|Any CPU
		{B3D6B10A-4C31-4981-97FA-3437CB583729}.Release|Any CPU.Build.0 = Release|Any CPU
		{94FB234D-24AD-4FD9-BC79-0257073BC3EB}.Debug|Any CPU.ActiveCfg = Debug|Any CPU
		{94FB234D-24AD-4FD9-BC79-0257073BC3EB}.Debug|Any CPU.Build.0 = Debug|Any CPU
		{94FB234D-24AD-4FD9-BC79-0257073BC3EB}.Release|Any CPU.ActiveCfg = Release|Any CPU
		{94FB234D-24AD-4FD9-BC79-0257073BC3EB}.Release|Any CPU.Build.0 = Release|Any CPU
		{70026887-FD51-4A98-8E50-4B55F750013B}.Debug|Any CPU.ActiveCfg = Debug|Any CPU
		{70026887-FD51-4A98-8E50-4B55F750013B}.Debug|Any CPU.Build.0 = Debug|Any CPU
		{70026887-FD51-4A98-8E50-4B55F750013B}.Release|Any CPU.ActiveCfg = Release|Any CPU
		{70026887-FD51-4A98-8E50-4B55F750013B}.Release|Any CPU.Build.0 = Release|Any CPU
		{036A5D25-0AF4-4259-B83A-E04026F1749C}.Debug|Any CPU.ActiveCfg = Debug|Any CPU
		{036A5D25-0AF4-4259-B83A-E04026F1749C}.Debug|Any CPU.Build.0 = Debug|Any CPU
		{036A5D25-0AF4-4259-B83A-E04026F1749C}.Release|Any CPU.ActiveCfg = Release|Any CPU
		{036A5D25-0AF4-4259-B83A-E04026F1749C}.Release|Any CPU.Build.0 = Release|Any CPU
		{DB606377-AAA0-45BD-A6BE-4F4C4CD111AF}.Debug|Any CPU.ActiveCfg = Debug|Any CPU
		{DB606377-AAA0-45BD-A6BE-4F4C4CD111AF}.Debug|Any CPU.Build.0 = Debug|Any CPU
		{DB606377-AAA0-45BD-A6BE-4F4C4CD111AF}.Release|Any CPU.ActiveCfg = Release|Any CPU
		{DB606377-AAA0-45BD-A6BE-4F4C4CD111AF}.Release|Any CPU.Build.0 = Release|Any CPU
		{D22A8E54-B94B-4657-AAC3-09BA23F213F1}.Debug|Any CPU.ActiveCfg = Debug|Any CPU
		{D22A8E54-B94B-4657-AAC3-09BA23F213F1}.Debug|Any CPU.Build.0 = Debug|Any CPU
		{D22A8E54-B94B-4657-AAC3-09BA23F213F1}.Release|Any CPU.ActiveCfg = Release|Any CPU
		{D22A8E54-B94B-4657-AAC3-09BA23F213F1}.Release|Any CPU.Build.0 = Release|Any CPU
		{B85489F1-D87B-4740-AD9C-77195B8743F3}.Debug|Any CPU.ActiveCfg = Debug|Any CPU
		{B85489F1-D87B-4740-AD9C-77195B8743F3}.Debug|Any CPU.Build.0 = Debug|Any CPU
		{B85489F1-D87B-4740-AD9C-77195B8743F3}.Release|Any CPU.ActiveCfg = Release|Any CPU
		{B85489F1-D87B-4740-AD9C-77195B8743F3}.Release|Any CPU.Build.0 = Release|Any CPU
		{68766B32-0E50-4B96-987B-A8CB20535573}.Debug|Any CPU.ActiveCfg = Debug|Any CPU
		{68766B32-0E50-4B96-987B-A8CB20535573}.Debug|Any CPU.Build.0 = Debug|Any CPU
		{68766B32-0E50-4B96-987B-A8CB20535573}.Release|Any CPU.ActiveCfg = Release|Any CPU
		{68766B32-0E50-4B96-987B-A8CB20535573}.Release|Any CPU.Build.0 = Release|Any CPU
		{95227940-90F7-40B4-9027-3EEECD8ED6DE}.Debug|Any CPU.ActiveCfg = Debug|Any CPU
		{95227940-90F7-40B4-9027-3EEECD8ED6DE}.Debug|Any CPU.Build.0 = Debug|Any CPU
		{95227940-90F7-40B4-9027-3EEECD8ED6DE}.Release|Any CPU.ActiveCfg = Release|Any CPU
		{95227940-90F7-40B4-9027-3EEECD8ED6DE}.Release|Any CPU.Build.0 = Release|Any CPU
		{770BC631-DE5F-4D45-9F2D-B0A1C20661EE}.Debug|Any CPU.ActiveCfg = Debug|Any CPU
		{770BC631-DE5F-4D45-9F2D-B0A1C20661EE}.Debug|Any CPU.Build.0 = Debug|Any CPU
		{770BC631-DE5F-4D45-9F2D-B0A1C20661EE}.Release|Any CPU.ActiveCfg = Release|Any CPU
		{770BC631-DE5F-4D45-9F2D-B0A1C20661EE}.Release|Any CPU.Build.0 = Release|Any CPU
		{6209A699-8823-4A0B-8A0C-BDAE9CE52305}.Debug|Any CPU.ActiveCfg = Debug|Any CPU
		{6209A699-8823-4A0B-8A0C-BDAE9CE52305}.Debug|Any CPU.Build.0 = Debug|Any CPU
		{6209A699-8823-4A0B-8A0C-BDAE9CE52305}.Release|Any CPU.ActiveCfg = Release|Any CPU
		{6209A699-8823-4A0B-8A0C-BDAE9CE52305}.Release|Any CPU.Build.0 = Release|Any CPU
		{763B3662-8A27-45BE-90A6-B2BD51C2CA47}.Debug|Any CPU.ActiveCfg = Debug|Any CPU
		{763B3662-8A27-45BE-90A6-B2BD51C2CA47}.Debug|Any CPU.Build.0 = Debug|Any CPU
		{763B3662-8A27-45BE-90A6-B2BD51C2CA47}.Release|Any CPU.ActiveCfg = Release|Any CPU
		{763B3662-8A27-45BE-90A6-B2BD51C2CA47}.Release|Any CPU.Build.0 = Release|Any CPU
		{82739B38-8706-493D-A571-C743AFCEAD12}.Debug|Any CPU.ActiveCfg = Debug|Any CPU
		{82739B38-8706-493D-A571-C743AFCEAD12}.Debug|Any CPU.Build.0 = Debug|Any CPU
		{82739B38-8706-493D-A571-C743AFCEAD12}.Release|Any CPU.ActiveCfg = Release|Any CPU
		{82739B38-8706-493D-A571-C743AFCEAD12}.Release|Any CPU.Build.0 = Release|Any CPU
		{41CCE278-3322-4AEB-A637-1C1BFF69FE82}.Debug|Any CPU.ActiveCfg = Debug|Any CPU
		{41CCE278-3322-4AEB-A637-1C1BFF69FE82}.Debug|Any CPU.Build.0 = Debug|Any CPU
		{41CCE278-3322-4AEB-A637-1C1BFF69FE82}.Release|Any CPU.ActiveCfg = Release|Any CPU
		{41CCE278-3322-4AEB-A637-1C1BFF69FE82}.Release|Any CPU.Build.0 = Release|Any CPU
		{2D91750A-80C8-4218-8CEF-089EB651FE2E}.Debug|Any CPU.ActiveCfg = Debug|Any CPU
		{2D91750A-80C8-4218-8CEF-089EB651FE2E}.Debug|Any CPU.Build.0 = Debug|Any CPU
		{2D91750A-80C8-4218-8CEF-089EB651FE2E}.Release|Any CPU.ActiveCfg = Release|Any CPU
		{2D91750A-80C8-4218-8CEF-089EB651FE2E}.Release|Any CPU.Build.0 = Release|Any CPU
		{57412D65-9D51-407A-8ABC-6DE7314DCB27}.Debug|Any CPU.ActiveCfg = Debug|Any CPU
		{57412D65-9D51-407A-8ABC-6DE7314DCB27}.Debug|Any CPU.Build.0 = Debug|Any CPU
		{57412D65-9D51-407A-8ABC-6DE7314DCB27}.Release|Any CPU.ActiveCfg = Release|Any CPU
		{57412D65-9D51-407A-8ABC-6DE7314DCB27}.Release|Any CPU.Build.0 = Release|Any CPU
		{1600379B-C8B5-4375-A1D5-3B81BD7FCCF7}.Debug|Any CPU.ActiveCfg = Debug|Any CPU
		{1600379B-C8B5-4375-A1D5-3B81BD7FCCF7}.Debug|Any CPU.Build.0 = Debug|Any CPU
		{1600379B-C8B5-4375-A1D5-3B81BD7FCCF7}.Release|Any CPU.ActiveCfg = Release|Any CPU
		{1600379B-C8B5-4375-A1D5-3B81BD7FCCF7}.Release|Any CPU.Build.0 = Release|Any CPU
		{037D8DD3-B14B-437E-B573-AD54F6CB77AE}.Debug|Any CPU.ActiveCfg = Debug|Any CPU
		{037D8DD3-B14B-437E-B573-AD54F6CB77AE}.Debug|Any CPU.Build.0 = Debug|Any CPU
		{037D8DD3-B14B-437E-B573-AD54F6CB77AE}.Release|Any CPU.ActiveCfg = Release|Any CPU
		{037D8DD3-B14B-437E-B573-AD54F6CB77AE}.Release|Any CPU.Build.0 = Release|Any CPU
		{0BE5E6DA-3063-4E00-AA63-4AD3AC413BAF}.Debug|Any CPU.ActiveCfg = Debug|Any CPU
		{0BE5E6DA-3063-4E00-AA63-4AD3AC413BAF}.Debug|Any CPU.Build.0 = Debug|Any CPU
		{0BE5E6DA-3063-4E00-AA63-4AD3AC413BAF}.Release|Any CPU.ActiveCfg = Release|Any CPU
		{0BE5E6DA-3063-4E00-AA63-4AD3AC413BAF}.Release|Any CPU.Build.0 = Release|Any CPU
		{DDA66E69-0D5D-419E-A760-05D2303E43F1}.Debug|Any CPU.ActiveCfg = Debug|Any CPU
		{DDA66E69-0D5D-419E-A760-05D2303E43F1}.Debug|Any CPU.Build.0 = Debug|Any CPU
		{DDA66E69-0D5D-419E-A760-05D2303E43F1}.Release|Any CPU.ActiveCfg = Release|Any CPU
		{DDA66E69-0D5D-419E-A760-05D2303E43F1}.Release|Any CPU.Build.0 = Release|Any CPU
		{F4418D0A-FADB-4B35-8F75-EAF8DAD80D8E}.Debug|Any CPU.ActiveCfg = Debug|Any CPU
		{F4418D0A-FADB-4B35-8F75-EAF8DAD80D8E}.Debug|Any CPU.Build.0 = Debug|Any CPU
		{F4418D0A-FADB-4B35-8F75-EAF8DAD80D8E}.Release|Any CPU.ActiveCfg = Release|Any CPU
		{F4418D0A-FADB-4B35-8F75-EAF8DAD80D8E}.Release|Any CPU.Build.0 = Release|Any CPU
		{D8292AE6-0A1B-411A-848D-BC3B3ADA5C26}.Debug|Any CPU.ActiveCfg = Debug|Any CPU
		{D8292AE6-0A1B-411A-848D-BC3B3ADA5C26}.Debug|Any CPU.Build.0 = Debug|Any CPU
		{D8292AE6-0A1B-411A-848D-BC3B3ADA5C26}.Release|Any CPU.ActiveCfg = Release|Any CPU
		{D8292AE6-0A1B-411A-848D-BC3B3ADA5C26}.Release|Any CPU.Build.0 = Release|Any CPU
		{22B205AF-0D40-4854-BDE8-65961840DB5D}.Debug|Any CPU.ActiveCfg = Debug|Any CPU
		{22B205AF-0D40-4854-BDE8-65961840DB5D}.Debug|Any CPU.Build.0 = Debug|Any CPU
		{22B205AF-0D40-4854-BDE8-65961840DB5D}.Release|Any CPU.ActiveCfg = Release|Any CPU
		{22B205AF-0D40-4854-BDE8-65961840DB5D}.Release|Any CPU.Build.0 = Release|Any CPU
		{87AC18CA-2B57-4F9A-A4C2-24C6E296F91B}.Debug|Any CPU.ActiveCfg = Debug|Any CPU
		{87AC18CA-2B57-4F9A-A4C2-24C6E296F91B}.Debug|Any CPU.Build.0 = Debug|Any CPU
		{87AC18CA-2B57-4F9A-A4C2-24C6E296F91B}.Release|Any CPU.ActiveCfg = Release|Any CPU
		{87AC18CA-2B57-4F9A-A4C2-24C6E296F91B}.Release|Any CPU.Build.0 = Release|Any CPU
		{073E653E-65B9-480B-A556-7005C468BA4A}.Debug|Any CPU.ActiveCfg = Debug|Any CPU
		{073E653E-65B9-480B-A556-7005C468BA4A}.Debug|Any CPU.Build.0 = Debug|Any CPU
		{073E653E-65B9-480B-A556-7005C468BA4A}.Release|Any CPU.ActiveCfg = Release|Any CPU
		{073E653E-65B9-480B-A556-7005C468BA4A}.Release|Any CPU.Build.0 = Release|Any CPU
		{3B16524E-7054-493C-BEB8-8FBA7EEE8A6D}.Debug|Any CPU.ActiveCfg = Debug|Any CPU
		{3B16524E-7054-493C-BEB8-8FBA7EEE8A6D}.Debug|Any CPU.Build.0 = Debug|Any CPU
		{3B16524E-7054-493C-BEB8-8FBA7EEE8A6D}.Release|Any CPU.ActiveCfg = Release|Any CPU
		{3B16524E-7054-493C-BEB8-8FBA7EEE8A6D}.Release|Any CPU.Build.0 = Release|Any CPU
		{BC931BB9-D78C-437D-B5D2-04BE6E318172}.Debug|Any CPU.ActiveCfg = Debug|Any CPU
		{BC931BB9-D78C-437D-B5D2-04BE6E318172}.Debug|Any CPU.Build.0 = Debug|Any CPU
		{BC931BB9-D78C-437D-B5D2-04BE6E318172}.Release|Any CPU.ActiveCfg = Release|Any CPU
		{BC931BB9-D78C-437D-B5D2-04BE6E318172}.Release|Any CPU.Build.0 = Release|Any CPU
		{FC48C1FD-EA48-41E3-8048-498FC61D141E}.Debug|Any CPU.ActiveCfg = Debug|Any CPU
		{FC48C1FD-EA48-41E3-8048-498FC61D141E}.Debug|Any CPU.Build.0 = Debug|Any CPU
		{FC48C1FD-EA48-41E3-8048-498FC61D141E}.Release|Any CPU.ActiveCfg = Release|Any CPU
		{FC48C1FD-EA48-41E3-8048-498FC61D141E}.Release|Any CPU.Build.0 = Release|Any CPU
		{0D307475-F570-49A5-A97A-F0B2CBD88005}.Debug|Any CPU.ActiveCfg = Debug|Any CPU
		{0D307475-F570-49A5-A97A-F0B2CBD88005}.Debug|Any CPU.Build.0 = Debug|Any CPU
		{0D307475-F570-49A5-A97A-F0B2CBD88005}.Release|Any CPU.ActiveCfg = Release|Any CPU
		{0D307475-F570-49A5-A97A-F0B2CBD88005}.Release|Any CPU.Build.0 = Release|Any CPU
		{060EF400-60DE-46A7-BCD0-5A91089044AF}.Debug|Any CPU.ActiveCfg = Debug|Any CPU
		{060EF400-60DE-46A7-BCD0-5A91089044AF}.Debug|Any CPU.Build.0 = Debug|Any CPU
		{060EF400-60DE-46A7-BCD0-5A91089044AF}.Release|Any CPU.ActiveCfg = Release|Any CPU
		{060EF400-60DE-46A7-BCD0-5A91089044AF}.Release|Any CPU.Build.0 = Release|Any CPU
		{1AE4F1D2-7176-4603-BB89-39307D11E6D5}.Debug|Any CPU.ActiveCfg = Debug|Any CPU
		{1AE4F1D2-7176-4603-BB89-39307D11E6D5}.Debug|Any CPU.Build.0 = Debug|Any CPU
		{1AE4F1D2-7176-4603-BB89-39307D11E6D5}.Release|Any CPU.ActiveCfg = Release|Any CPU
		{1AE4F1D2-7176-4603-BB89-39307D11E6D5}.Release|Any CPU.Build.0 = Release|Any CPU
		{299DA405-4525-4A5D-964F-F64F18AC6211}.Debug|Any CPU.ActiveCfg = Debug|Any CPU
		{299DA405-4525-4A5D-964F-F64F18AC6211}.Debug|Any CPU.Build.0 = Debug|Any CPU
		{299DA405-4525-4A5D-964F-F64F18AC6211}.Release|Any CPU.ActiveCfg = Release|Any CPU
		{299DA405-4525-4A5D-964F-F64F18AC6211}.Release|Any CPU.Build.0 = Release|Any CPU
		{6ADF579D-FC58-4AD0-AA68-E87FF98BEFE1}.Debug|Any CPU.ActiveCfg = Debug|Any CPU
		{6ADF579D-FC58-4AD0-AA68-E87FF98BEFE1}.Debug|Any CPU.Build.0 = Debug|Any CPU
		{6ADF579D-FC58-4AD0-AA68-E87FF98BEFE1}.Release|Any CPU.ActiveCfg = Release|Any CPU
		{6ADF579D-FC58-4AD0-AA68-E87FF98BEFE1}.Release|Any CPU.Build.0 = Release|Any CPU
		{62359ABC-F12C-4AE1-B40C-B6C5BA008E31}.Debug|Any CPU.ActiveCfg = Debug|Any CPU
		{62359ABC-F12C-4AE1-B40C-B6C5BA008E31}.Debug|Any CPU.Build.0 = Debug|Any CPU
		{62359ABC-F12C-4AE1-B40C-B6C5BA008E31}.Release|Any CPU.ActiveCfg = Release|Any CPU
		{62359ABC-F12C-4AE1-B40C-B6C5BA008E31}.Release|Any CPU.Build.0 = Release|Any CPU
		{BC05DE82-7172-43BC-A025-9827E0275209}.Debug|Any CPU.ActiveCfg = Debug|Any CPU
		{BC05DE82-7172-43BC-A025-9827E0275209}.Debug|Any CPU.Build.0 = Debug|Any CPU
		{BC05DE82-7172-43BC-A025-9827E0275209}.Release|Any CPU.ActiveCfg = Release|Any CPU
		{BC05DE82-7172-43BC-A025-9827E0275209}.Release|Any CPU.Build.0 = Release|Any CPU
		{3CFF3888-7E8C-487E-B2F1-66941E73B2D5}.Debug|Any CPU.ActiveCfg = Debug|Any CPU
		{3CFF3888-7E8C-487E-B2F1-66941E73B2D5}.Debug|Any CPU.Build.0 = Debug|Any CPU
		{3CFF3888-7E8C-487E-B2F1-66941E73B2D5}.Release|Any CPU.ActiveCfg = Release|Any CPU
		{3CFF3888-7E8C-487E-B2F1-66941E73B2D5}.Release|Any CPU.Build.0 = Release|Any CPU
		{DCE49078-3FAD-4C85-BC8C-713553BFDDD4}.Debug|Any CPU.ActiveCfg = Debug|Any CPU
		{DCE49078-3FAD-4C85-BC8C-713553BFDDD4}.Debug|Any CPU.Build.0 = Debug|Any CPU
		{DCE49078-3FAD-4C85-BC8C-713553BFDDD4}.Release|Any CPU.ActiveCfg = Release|Any CPU
		{DCE49078-3FAD-4C85-BC8C-713553BFDDD4}.Release|Any CPU.Build.0 = Release|Any CPU
		{06A3DC4E-2921-42DD-8AE2-368AFCB1F063}.Debug|Any CPU.ActiveCfg = Debug|Any CPU
		{06A3DC4E-2921-42DD-8AE2-368AFCB1F063}.Debug|Any CPU.Build.0 = Debug|Any CPU
		{06A3DC4E-2921-42DD-8AE2-368AFCB1F063}.Release|Any CPU.ActiveCfg = Release|Any CPU
		{06A3DC4E-2921-42DD-8AE2-368AFCB1F063}.Release|Any CPU.Build.0 = Release|Any CPU
		{DBF578F9-E593-405A-9E6C-9F7AC02F7812}.Debug|Any CPU.ActiveCfg = Debug|Any CPU
		{DBF578F9-E593-405A-9E6C-9F7AC02F7812}.Debug|Any CPU.Build.0 = Debug|Any CPU
		{DBF578F9-E593-405A-9E6C-9F7AC02F7812}.Release|Any CPU.ActiveCfg = Release|Any CPU
		{DBF578F9-E593-405A-9E6C-9F7AC02F7812}.Release|Any CPU.Build.0 = Release|Any CPU
		{1C84BF76-326D-48A8-B2D7-EED2E9BDEC99}.Debug|Any CPU.ActiveCfg = Debug|Any CPU
		{1C84BF76-326D-48A8-B2D7-EED2E9BDEC99}.Debug|Any CPU.Build.0 = Debug|Any CPU
		{1C84BF76-326D-48A8-B2D7-EED2E9BDEC99}.Release|Any CPU.ActiveCfg = Release|Any CPU
		{1C84BF76-326D-48A8-B2D7-EED2E9BDEC99}.Release|Any CPU.Build.0 = Release|Any CPU
		{7B008425-79FF-4480-922D-052CC464DF01}.Debug|Any CPU.ActiveCfg = Debug|Any CPU
		{7B008425-79FF-4480-922D-052CC464DF01}.Debug|Any CPU.Build.0 = Debug|Any CPU
		{7B008425-79FF-4480-922D-052CC464DF01}.Release|Any CPU.ActiveCfg = Release|Any CPU
		{7B008425-79FF-4480-922D-052CC464DF01}.Release|Any CPU.Build.0 = Release|Any CPU
	EndGlobalSection
	GlobalSection(SolutionProperties) = preSolution
		HideSolutionNode = FALSE
	EndGlobalSection
	GlobalSection(NestedProjects) = preSolution
		{1C98A821-B030-4FF2-83AE-D49B1B3B8C67} = {4F8ADD10-3A7F-4A53-9438-B9AD15551C19}
		{932485EA-2F95-4CAA-8BCD-DF68C496854E} = {4F8ADD10-3A7F-4A53-9438-B9AD15551C19}
		{3BD77E4F-A348-4EDB-B60C-68B749249B91} = {E8A3B024-4151-48CB-9ED6-0F7B48EE5D0A}
		{84ACB6C4-CF62-4F4B-A7E5-5C642EDC041A} = {4F8ADD10-3A7F-4A53-9438-B9AD15551C19}
		{B4EEDB17-EB3D-4E22-AB7C-D8E366564B8F} = {4F8ADD10-3A7F-4A53-9438-B9AD15551C19}
		{B1C2609B-A3ED-43E0-9DA2-DF27029D44FC} = {4F8ADD10-3A7F-4A53-9438-B9AD15551C19}
		{94C3209D-A3A9-4D3C-B851-C14D390CC23A} = {972305FC-E6A8-4647-8B33-FD2EDDBFE94C}
		{48A388BF-1160-46E5-A68C-E5A819026C6E} = {972305FC-E6A8-4647-8B33-FD2EDDBFE94C}
		{57F49817-A06C-4B8B-BC19-B6CD36800969} = {A4D56E74-4495-451C-8EE6-91D203FC1C17}
		{73F67444-D0E8-4EAC-8951-8B5C8D8F42CD} = {64FB7247-85F0-4BB8-9A34-D06843F429AB}
		{53D7A20D-84B5-499F-B183-D440854B7C8C} = {E8A3B024-4151-48CB-9ED6-0F7B48EE5D0A}
		{B3D6B10A-4C31-4981-97FA-3437CB583729} = {64FB7247-85F0-4BB8-9A34-D06843F429AB}
		{94FB234D-24AD-4FD9-BC79-0257073BC3EB} = {A4D56E74-4495-451C-8EE6-91D203FC1C17}
		{70026887-FD51-4A98-8E50-4B55F750013B} = {8BC3778C-65DA-45E7-ADAD-ADF769336DD3}
		{036A5D25-0AF4-4259-B83A-E04026F1749C} = {8BC3778C-65DA-45E7-ADAD-ADF769336DD3}
		{DB606377-AAA0-45BD-A6BE-4F4C4CD111AF} = {E8A3B024-4151-48CB-9ED6-0F7B48EE5D0A}
		{D22A8E54-B94B-4657-AAC3-09BA23F213F1} = {8BC3778C-65DA-45E7-ADAD-ADF769336DD3}
		{B85489F1-D87B-4740-AD9C-77195B8743F3} = {64FB7247-85F0-4BB8-9A34-D06843F429AB}
		{68766B32-0E50-4B96-987B-A8CB20535573} = {A4D56E74-4495-451C-8EE6-91D203FC1C17}
		{95227940-90F7-40B4-9027-3EEECD8ED6DE} = {E8A3B024-4151-48CB-9ED6-0F7B48EE5D0A}
		{770BC631-DE5F-4D45-9F2D-B0A1C20661EE} = {8BC3778C-65DA-45E7-ADAD-ADF769336DD3}
		{6209A699-8823-4A0B-8A0C-BDAE9CE52305} = {64FB7247-85F0-4BB8-9A34-D06843F429AB}
		{763B3662-8A27-45BE-90A6-B2BD51C2CA47} = {A4D56E74-4495-451C-8EE6-91D203FC1C17}
		{82739B38-8706-493D-A571-C743AFCEAD12} = {E8A3B024-4151-48CB-9ED6-0F7B48EE5D0A}
		{41CCE278-3322-4AEB-A637-1C1BFF69FE82} = {84B78181-2142-4B58-9FDC-0C21C5733A58}
		{2D91750A-80C8-4218-8CEF-089EB651FE2E} = {84B78181-2142-4B58-9FDC-0C21C5733A58}
		{57412D65-9D51-407A-8ABC-6DE7314DCB27} = {84B78181-2142-4B58-9FDC-0C21C5733A58}
		{1600379B-C8B5-4375-A1D5-3B81BD7FCCF7} = {4F8ADD10-3A7F-4A53-9438-B9AD15551C19}
		{037D8DD3-B14B-437E-B573-AD54F6CB77AE} = {84B78181-2142-4B58-9FDC-0C21C5733A58}
		{0BE5E6DA-3063-4E00-AA63-4AD3AC413BAF} = {84B78181-2142-4B58-9FDC-0C21C5733A58}
		{DDA66E69-0D5D-419E-A760-05D2303E43F1} = {84B78181-2142-4B58-9FDC-0C21C5733A58}
		{F4418D0A-FADB-4B35-8F75-EAF8DAD80D8E} = {72884909-54E3-4256-901A-2B2B8B0B31FD}
		{D8292AE6-0A1B-411A-848D-BC3B3ADA5C26} = {84B78181-2142-4B58-9FDC-0C21C5733A58}
		{22B205AF-0D40-4854-BDE8-65961840DB5D} = {9CF1142E-4F77-4ED5-B5FB-2BA0E8D99FFF}
		{87AC18CA-2B57-4F9A-A4C2-24C6E296F91B} = {4F8ADD10-3A7F-4A53-9438-B9AD15551C19}
		{073E653E-65B9-480B-A556-7005C468BA4A} = {589C1B5C-77EE-46C7-A150-63B48DF1EAFB}
		{3B16524E-7054-493C-BEB8-8FBA7EEE8A6D} = {589C1B5C-77EE-46C7-A150-63B48DF1EAFB}
		{BC931BB9-D78C-437D-B5D2-04BE6E318172} = {4F8ADD10-3A7F-4A53-9438-B9AD15551C19}
		{FC48C1FD-EA48-41E3-8048-498FC61D141E} = {589C1B5C-77EE-46C7-A150-63B48DF1EAFB}
		{972305FC-E6A8-4647-8B33-FD2EDDBFE94C} = {678B7A78-05D7-4C7A-A02E-B399C3EF5E3A}
		{E8A3B024-4151-48CB-9ED6-0F7B48EE5D0A} = {D02019C7-CFE7-456D-ADC2-BDDAD215515A}
		{589C1B5C-77EE-46C7-A150-63B48DF1EAFB} = {D02019C7-CFE7-456D-ADC2-BDDAD215515A}
		{8BC3778C-65DA-45E7-ADAD-ADF769336DD3} = {D02019C7-CFE7-456D-ADC2-BDDAD215515A}
		{A4D56E74-4495-451C-8EE6-91D203FC1C17} = {D02019C7-CFE7-456D-ADC2-BDDAD215515A}
		{D02019C7-CFE7-456D-ADC2-BDDAD215515A} = {678B7A78-05D7-4C7A-A02E-B399C3EF5E3A}
		{64FB7247-85F0-4BB8-9A34-D06843F429AB} = {D02019C7-CFE7-456D-ADC2-BDDAD215515A}
		{9CF1142E-4F77-4ED5-B5FB-2BA0E8D99FFF} = {D02019C7-CFE7-456D-ADC2-BDDAD215515A}
		{FEB2131F-6079-4129-9659-C09DE8968EA8} = {678B7A78-05D7-4C7A-A02E-B399C3EF5E3A}
		{0D307475-F570-49A5-A97A-F0B2CBD88005} = {FEB2131F-6079-4129-9659-C09DE8968EA8}
		{060EF400-60DE-46A7-BCD0-5A91089044AF} = {9CF1142E-4F77-4ED5-B5FB-2BA0E8D99FFF}
		{1AE4F1D2-7176-4603-BB89-39307D11E6D5} = {9CF1142E-4F77-4ED5-B5FB-2BA0E8D99FFF}
		{299DA405-4525-4A5D-964F-F64F18AC6211} = {9CF1142E-4F77-4ED5-B5FB-2BA0E8D99FFF}
		{6ADF579D-FC58-4AD0-AA68-E87FF98BEFE1} = {9CF1142E-4F77-4ED5-B5FB-2BA0E8D99FFF}
		{62359ABC-F12C-4AE1-B40C-B6C5BA008E31} = {FEB2131F-6079-4129-9659-C09DE8968EA8}
		{BC05DE82-7172-43BC-A025-9827E0275209} = {A4D56E74-4495-451C-8EE6-91D203FC1C17}
		{5DA24075-76FD-4692-8D34-6ACB37AD65D5} = {D02019C7-CFE7-456D-ADC2-BDDAD215515A}
		{3CFF3888-7E8C-487E-B2F1-66941E73B2D5} = {5DA24075-76FD-4692-8D34-6ACB37AD65D5}
		{DCE49078-3FAD-4C85-BC8C-713553BFDDD4} = {4F8ADD10-3A7F-4A53-9438-B9AD15551C19}
		{06A3DC4E-2921-42DD-8AE2-368AFCB1F063} = {5DA24075-76FD-4692-8D34-6ACB37AD65D5}
		{DBF578F9-E593-405A-9E6C-9F7AC02F7812} = {84B78181-2142-4B58-9FDC-0C21C5733A58}
		{82B30986-BE53-442C-A295-BBC096A33910} = {678B7A78-05D7-4C7A-A02E-B399C3EF5E3A}
		{1C84BF76-326D-48A8-B2D7-EED2E9BDEC99} = {82B30986-BE53-442C-A295-BBC096A33910}
		{7B008425-79FF-4480-922D-052CC464DF01} = {5DA24075-76FD-4692-8D34-6ACB37AD65D5}
	EndGlobalSection
EndGlobal
