
Microsoft Visual Studio Solution File, Format Version 12.00
# Visual Studio 14
VisualStudioVersion = 14.0.25420.1
MinimumVisualStudioVersion = 10.0.40219.1
Project("{FAE04EC0-301F-11D3-BF4B-00C04F79EFBC}") = "gEngine.Graph.Interface", "gEngine.Graph.Interface\gEngine.Graph.Interface.csproj", "{1C98A821-B030-4FF2-83AE-D49B1B3B8C67}"
EndProject
Project("{FAE04EC0-301F-11D3-BF4B-00C04F79EFBC}") = "gEngine.View", "gEngine.View\gEngine.View.csproj", "{932485EA-2F95-4CAA-8BCD-DF68C496854E}"
EndProject
Project("{2150E333-8FDC-42A3-9474-1A3956D46DE8}") = "Examples", "Examples", "{84B78181-2142-4B58-9FDC-0C21C5733A58}"
EndProject
Project("{FAE04EC0-301F-11D3-BF4B-00C04F79EFBC}") = "gEngine.Graph.Ge", "gEngine.Graph.Ge\gEngine.Graph.Ge.csproj", "{3BD77E4F-A348-4EDB-B60C-68B749249B91}"
EndProject
Project("{FAE04EC0-301F-11D3-BF4B-00C04F79EFBC}") = "gEngine.Util", "gEngine.Util\gEngine.Util.csproj", "{84ACB6C4-CF62-4F4B-A7E5-5C642EDC041A}"
EndProject
Project("{FAE04EC0-301F-11D3-BF4B-00C04F79EFBC}") = "gEngineTest", "Examples\gEngineTest\gEngineTest.csproj", "{8BA7BE63-8CBA-4822-8879-F4C69DC975E9}"
EndProject
Project("{FAE04EC0-301F-11D3-BF4B-00C04F79EFBC}") = "gEngine.Manipulator", "gEngine.Manipulator\gEngine.Manipulator.csproj", "{B4EEDB17-EB3D-4E22-AB7C-D8E366564B8F}"
EndProject
Project("{FAE04EC0-301F-11D3-BF4B-00C04F79EFBC}") = "gEngine.Data.Interface", "gEngine.Data.Interface\gEngine.Data.Interface.csproj", "{B1C2609B-A3ED-43E0-9DA2-DF27029D44FC}"
EndProject
Project("{FAE04EC0-301F-11D3-BF4B-00C04F79EFBC}") = "gEngine.Data.Ge", "gEngine.Data.Ge\gEngine.Data.Ge.csproj", "{94C3209D-A3A9-4D3C-B851-C14D390CC23A}"
EndProject
Project("{FAE04EC0-301F-11D3-BF4B-00C04F79EFBC}") = "gEngine.Data.Ge.Txt", "gEngine.Data.Ge.Txt\gEngine.Data.Ge.Txt.csproj", "{48A388BF-1160-46E5-A68C-E5A819026C6E}"
EndProject
Project("{2150E333-8FDC-42A3-9474-1A3956D46DE8}") = "Data", "Data", "{FDBF5E05-EFEB-42F6-A830-A2A5AB11543C}"
EndProject
Project("{2150E333-8FDC-42A3-9474-1A3956D46DE8}") = "Graph", "Graph", "{5C74393F-90D6-4DB3-9205-833430CD3B3B}"
EndProject
Project("{2150E333-8FDC-42A3-9474-1A3956D46DE8}") = "View", "View", "{A8C0F5A1-EAFF-44E5-9817-A0518C98A397}"
EndProject
Project("{2150E333-8FDC-42A3-9474-1A3956D46DE8}") = "Util", "Util", "{649AEE74-ED98-485A-A69C-8EB8ECAD7892}"
EndProject
Project("{2150E333-8FDC-42A3-9474-1A3956D46DE8}") = "Plane", "Plane", "{1DC9BB56-E42F-4E1B-834A-7AE65A19FC8F}"
EndProject
Project("{2150E333-8FDC-42A3-9474-1A3956D46DE8}") = "Section", "Section", "{074A959E-0969-4785-B674-9062FAB72CCB}"
EndProject
Project("{FAE04EC0-301F-11D3-BF4B-00C04F79EFBC}") = "gEngine.View.Ge.Plane", "gEngine.View.Ge.Plane\gEngine.View.Ge.Plane.csproj", "{57F49817-A06C-4B8B-BC19-B6CD36800969}"
EndProject
Project("{FAE04EC0-301F-11D3-BF4B-00C04F79EFBC}") = "gEngine.Util.Ge.Plane", "gEngine.Util.Ge.Plane\gEngine.Util.Ge.Plane.csproj", "{73F67444-D0E8-4EAC-8951-8B5C8D8F42CD}"
EndProject
Project("{FAE04EC0-301F-11D3-BF4B-00C04F79EFBC}") = "gEngine.Graph.Ge.Section", "gEngine.Graph.Ge.Section\gEngine.Graph.Ge.Section.csproj", "{53D7A20D-84B5-499F-B183-D440854B7C8C}"
EndProject
Project("{FAE04EC0-301F-11D3-BF4B-00C04F79EFBC}") = "gEngine.Util.Ge.Section", "gEngine.Util.Ge.Section\gEngine.Util.Ge.Section.csproj", "{B3D6B10A-4C31-4981-97FA-3437CB583729}"
EndProject
Project("{FAE04EC0-301F-11D3-BF4B-00C04F79EFBC}") = "gEngine.View.Ge.Section", "gEngine.View.Ge.Section\gEngine.View.Ge.Section.csproj", "{94FB234D-24AD-4FD9-BC79-0257073BC3EB}"
EndProject
Project("{2150E333-8FDC-42A3-9474-1A3956D46DE8}") = "Symbol", "Symbol", "{69F0708B-CABE-4DB0-BB23-1381E0394DC5}"
EndProject
Project("{FAE04EC0-301F-11D3-BF4B-00C04F79EFBC}") = "gEngine.Manipulator.Ge.Plane", "gEngine.Manipulator.Ge.Plane\gEngine.Manipulator.Ge.Plane.csproj", "{70026887-FD51-4A98-8E50-4B55F750013B}"
EndProject
Project("{FAE04EC0-301F-11D3-BF4B-00C04F79EFBC}") = "gEngine.Manipulator.Ge.Section", "gEngine.Manipulator.Ge.Section\gEngine.Manipulator.Ge.Section.csproj", "{036A5D25-0AF4-4259-B83A-E04026F1749C}"
EndProject
Project("{2150E333-8FDC-42A3-9474-1A3956D46DE8}") = "Basic", "Basic", "{3467FB3C-B5F1-47F3-A1C3-2B7C1456F332}"
EndProject
Project("{FAE04EC0-301F-11D3-BF4B-00C04F79EFBC}") = "gEngine.Graph.Ge.Basic", "gEngine.Graph.Ge.Basic\gEngine.Graph.Ge.Basic.csproj", "{DB606377-AAA0-45BD-A6BE-4F4C4CD111AF}"
EndProject
Project("{FAE04EC0-301F-11D3-BF4B-00C04F79EFBC}") = "gEngine.Manipulator.Ge.Basic", "gEngine.Manipulator.Ge.Basic\gEngine.Manipulator.Ge.Basic.csproj", "{D22A8E54-B94B-4657-AAC3-09BA23F213F1}"
EndProject
Project("{FAE04EC0-301F-11D3-BF4B-00C04F79EFBC}") = "gEngine.Util.Ge.Basic", "gEngine.Util.Ge.Basic\gEngine.Util.Ge.Basic.csproj", "{B85489F1-D87B-4740-AD9C-77195B8743F3}"
EndProject
Project("{FAE04EC0-301F-11D3-BF4B-00C04F79EFBC}") = "gEngine.View.Ge.Basic", "gEngine.View.Ge.Basic\gEngine.View.Ge.Basic.csproj", "{68766B32-0E50-4B96-987B-A8CB20535573}"
EndProject
Project("{2150E333-8FDC-42A3-9474-1A3956D46DE8}") = "Modular", "Modular", "{EAF51737-908F-464B-94A0-2CCD55AFB5F6}"
EndProject
Project("{2150E333-8FDC-42A3-9474-1A3956D46DE8}") = "Column", "Column", "{15A52137-959D-4D79-AEAE-8A47B2D47C24}"
EndProject
Project("{FAE04EC0-301F-11D3-BF4B-00C04F79EFBC}") = "gEngine.Graph.Ge.Column", "gEngine.Graph.Ge.Column\gEngine.Graph.Ge.Column.csproj", "{95227940-90F7-40B4-9027-3EEECD8ED6DE}"
EndProject
Project("{FAE04EC0-301F-11D3-BF4B-00C04F79EFBC}") = "gEngine.Manipulator.Ge.Column", "gEngine.Manipulator.Ge.Column\gEngine.Manipulator.Ge.Column.csproj", "{770BC631-DE5F-4D45-9F2D-B0A1C20661EE}"
EndProject
Project("{FAE04EC0-301F-11D3-BF4B-00C04F79EFBC}") = "gEngine.Util.Ge.Column", "gEngine.Util.Ge.Column\gEngine.Util.Ge.Column.csproj", "{6209A699-8823-4A0B-8A0C-BDAE9CE52305}"
EndProject
Project("{FAE04EC0-301F-11D3-BF4B-00C04F79EFBC}") = "gEngine.View.Ge.Column", "gEngine.View.Ge.Column\gEngine.View.Ge.Column.csproj", "{763B3662-8A27-45BE-90A6-B2BD51C2CA47}"
EndProject
Project("{FAE04EC0-301F-11D3-BF4B-00C04F79EFBC}") = "gEngine.Graph.Ge.Plane", "gEngine.Graph.Ge.Plane\gEngine.Graph.Ge.Plane.csproj", "{82739B38-8706-493D-A571-C743AFCEAD12}"
EndProject
Project("{FAE04EC0-301F-11D3-BF4B-00C04F79EFBC}") = "gEngineTest.Ge.WellLocation", "Examples\gEngineTest.Ge.WellLocation\gEngineTest.Ge.WellLocation.csproj", "{41CCE278-3322-4AEB-A637-1C1BFF69FE82}"
EndProject
Project("{FAE04EC0-301F-11D3-BF4B-00C04F79EFBC}") = "gEngineTest.Ge.Basic", "Examples\gEngineTest.Ge.Basic\gEngineTest.Ge.Basic.csproj", "{2D91750A-80C8-4218-8CEF-089EB651FE2E}"
EndProject
Project("{FAE04EC0-301F-11D3-BF4B-00C04F79EFBC}") = "gEngineTest.Ge.Well", "Examples\gEngineTest.Ge.Well\gEngineTest.Ge.Well.csproj", "{57412D65-9D51-407A-8ABC-6DE7314DCB27}"
EndProject
Project("{FAE04EC0-301F-11D3-BF4B-00C04F79EFBC}") = "gEngine.View.Symbol", "gEngine.View.Symbol\gEngine.View.Symbol.csproj", "{1600379B-C8B5-4375-A1D5-3B81BD7FCCF7}"
EndProject
Project("{FAE04EC0-301F-11D3-BF4B-00C04F79EFBC}") = "gEngineTest.Symbol", "Examples\gEngineTest.Symbol\gEngineTest.Symbol.csproj", "{037D8DD3-B14B-437E-B573-AD54F6CB77AE}"
EndProject
Project("{2150E333-8FDC-42A3-9474-1A3956D46DE8}") = "Application", "Application", "{72884909-54E3-4256-901A-2B2B8B0B31FD}"
EndProject
Project("{FAE04EC0-301F-11D3-BF4B-00C04F79EFBC}") = "gEngineTest.Ge.Section", "Examples\gEngineTest.Ge.Section\gEngineTest.Ge.Section.csproj", "{0BE5E6DA-3063-4E00-AA63-4AD3AC413BAF}"
EndProject
Project("{FAE04EC0-301F-11D3-BF4B-00C04F79EFBC}") = "gEngineTest.MapDxTab", "Examples\gEngineTest.MapDxTab\gEngineTest.MapDxTab.csproj", "{DDA66E69-0D5D-419E-A760-05D2303E43F1}"
EndProject
Project("{2150E333-8FDC-42A3-9474-1A3956D46DE8}") = "Solution Items", "Solution Items", "{614C4135-CB73-40F3-AF28-15678BC47FD8}"
	ProjectSection(SolutionItems) = preProject
		Performance1.psess = Performance1.psess
	EndProjectSection
EndProject
Project("{FAE04EC0-301F-11D3-BF4B-00C04F79EFBC}") = "gSection", "Application\gSection\gSection.csproj", "{F4418D0A-FADB-4B35-8F75-EAF8DAD80D8E}"
EndProject
Project("{FAE04EC0-301F-11D3-BF4B-00C04F79EFBC}") = "gEngineTest.Log", "Examples\gEngineTest.Log\gEngineTest.Log.csproj", "{D8292AE6-0A1B-411A-848D-BC3B3ADA5C26}"
EndProject
Project("{FAE04EC0-301F-11D3-BF4B-00C04F79EFBC}") = "gEngine.Graph.Rw.Ge", "gEngine.Graph.Rw.Ge\gEngine.Graph.Rw.Ge.csproj", "{22B205AF-0D40-4854-BDE8-65961840DB5D}"
EndProject
Project("{FAE04EC0-301F-11D3-BF4B-00C04F79EFBC}") = "gEngineTest.Compass", "gEngineTest.Compass\gEngineTest.Compass.csproj", "{CD67992A-B207-4289-8094-FDC0468626DD}"
EndProject
Project("{FAE04EC0-301F-11D3-BF4B-00C04F79EFBC}") = "gEngineTest.Boundary", "gEngineTest.Boundary\gEngineTest.Boundary.csproj", "{5C711185-32C4-4E5A-9D54-40B077C1C562}"
EndProject
Global
	GlobalSection(SolutionConfigurationPlatforms) = preSolution
		Debug|Any CPU = Debug|Any CPU
		Debug|x64 = Debug|x64
		Debug|x86 = Debug|x86
		Release|Any CPU = Release|Any CPU
		Release|x64 = Release|x64
		Release|x86 = Release|x86
	EndGlobalSection
	GlobalSection(ProjectConfigurationPlatforms) = postSolution
		{1C98A821-B030-4FF2-83AE-D49B1B3B8C67}.Debug|Any CPU.ActiveCfg = Debug|x86
		{1C98A821-B030-4FF2-83AE-D49B1B3B8C67}.Debug|x64.ActiveCfg = Debug|x64
		{1C98A821-B030-4FF2-83AE-D49B1B3B8C67}.Debug|x64.Build.0 = Debug|x64
		{1C98A821-B030-4FF2-83AE-D49B1B3B8C67}.Debug|x86.ActiveCfg = Debug|x86
		{1C98A821-B030-4FF2-83AE-D49B1B3B8C67}.Debug|x86.Build.0 = Debug|x86
		{1C98A821-B030-4FF2-83AE-D49B1B3B8C67}.Release|Any CPU.ActiveCfg = Release|x86
		{1C98A821-B030-4FF2-83AE-D49B1B3B8C67}.Release|x64.ActiveCfg = Release|x64
		{1C98A821-B030-4FF2-83AE-D49B1B3B8C67}.Release|x64.Build.0 = Release|x64
		{1C98A821-B030-4FF2-83AE-D49B1B3B8C67}.Release|x86.ActiveCfg = Release|x86
		{1C98A821-B030-4FF2-83AE-D49B1B3B8C67}.Release|x86.Build.0 = Release|x86
		{932485EA-2F95-4CAA-8BCD-DF68C496854E}.Debug|Any CPU.ActiveCfg = Debug|x86
		{932485EA-2F95-4CAA-8BCD-DF68C496854E}.Debug|x64.ActiveCfg = Debug|x64
		{932485EA-2F95-4CAA-8BCD-DF68C496854E}.Debug|x64.Build.0 = Debug|x64
		{932485EA-2F95-4CAA-8BCD-DF68C496854E}.Debug|x86.ActiveCfg = Debug|x86
		{932485EA-2F95-4CAA-8BCD-DF68C496854E}.Debug|x86.Build.0 = Debug|x86
		{932485EA-2F95-4CAA-8BCD-DF68C496854E}.Release|Any CPU.ActiveCfg = Release|x86
		{932485EA-2F95-4CAA-8BCD-DF68C496854E}.Release|x64.ActiveCfg = Release|x64
		{932485EA-2F95-4CAA-8BCD-DF68C496854E}.Release|x64.Build.0 = Release|x64
		{932485EA-2F95-4CAA-8BCD-DF68C496854E}.Release|x86.ActiveCfg = Release|x86
		{932485EA-2F95-4CAA-8BCD-DF68C496854E}.Release|x86.Build.0 = Release|x86
		{3BD77E4F-A348-4EDB-B60C-68B749249B91}.Debug|Any CPU.ActiveCfg = Debug|x86
		{3BD77E4F-A348-4EDB-B60C-68B749249B91}.Debug|x64.ActiveCfg = Debug|x64
		{3BD77E4F-A348-4EDB-B60C-68B749249B91}.Debug|x64.Build.0 = Debug|x64
		{3BD77E4F-A348-4EDB-B60C-68B749249B91}.Debug|x86.ActiveCfg = Debug|x86
		{3BD77E4F-A348-4EDB-B60C-68B749249B91}.Debug|x86.Build.0 = Debug|x86
		{3BD77E4F-A348-4EDB-B60C-68B749249B91}.Release|Any CPU.ActiveCfg = Release|x86
		{3BD77E4F-A348-4EDB-B60C-68B749249B91}.Release|x64.ActiveCfg = Release|x64
		{3BD77E4F-A348-4EDB-B60C-68B749249B91}.Release|x64.Build.0 = Release|x64
		{3BD77E4F-A348-4EDB-B60C-68B749249B91}.Release|x86.ActiveCfg = Release|x86
		{3BD77E4F-A348-4EDB-B60C-68B749249B91}.Release|x86.Build.0 = Release|x86
		{84ACB6C4-CF62-4F4B-A7E5-5C642EDC041A}.Debug|Any CPU.ActiveCfg = Debug|x86
		{84ACB6C4-CF62-4F4B-A7E5-5C642EDC041A}.Debug|x64.ActiveCfg = Debug|x64
		{84ACB6C4-CF62-4F4B-A7E5-5C642EDC041A}.Debug|x64.Build.0 = Debug|x64
		{84ACB6C4-CF62-4F4B-A7E5-5C642EDC041A}.Debug|x86.ActiveCfg = Debug|x86
		{84ACB6C4-CF62-4F4B-A7E5-5C642EDC041A}.Debug|x86.Build.0 = Debug|x86
		{84ACB6C4-CF62-4F4B-A7E5-5C642EDC041A}.Release|Any CPU.ActiveCfg = Release|x86
		{84ACB6C4-CF62-4F4B-A7E5-5C642EDC041A}.Release|x64.ActiveCfg = Release|x64
		{84ACB6C4-CF62-4F4B-A7E5-5C642EDC041A}.Release|x64.Build.0 = Release|x64
		{84ACB6C4-CF62-4F4B-A7E5-5C642EDC041A}.Release|x86.ActiveCfg = Release|x86
		{84ACB6C4-CF62-4F4B-A7E5-5C642EDC041A}.Release|x86.Build.0 = Release|x86
		{8BA7BE63-8CBA-4822-8879-F4C69DC975E9}.Debug|Any CPU.ActiveCfg = Debug|Any CPU
		{8BA7BE63-8CBA-4822-8879-F4C69DC975E9}.Debug|Any CPU.Build.0 = Debug|Any CPU
		{8BA7BE63-8CBA-4822-8879-F4C69DC975E9}.Debug|x64.ActiveCfg = Debug|x64
		{8BA7BE63-8CBA-4822-8879-F4C69DC975E9}.Debug|x64.Build.0 = Debug|x64
		{8BA7BE63-8CBA-4822-8879-F4C69DC975E9}.Debug|x86.ActiveCfg = Debug|x86
		{8BA7BE63-8CBA-4822-8879-F4C69DC975E9}.Release|Any CPU.ActiveCfg = Release|Any CPU
		{8BA7BE63-8CBA-4822-8879-F4C69DC975E9}.Release|Any CPU.Build.0 = Release|Any CPU
		{8BA7BE63-8CBA-4822-8879-F4C69DC975E9}.Release|x64.ActiveCfg = Release|x64
		{8BA7BE63-8CBA-4822-8879-F4C69DC975E9}.Release|x64.Build.0 = Release|x64
		{8BA7BE63-8CBA-4822-8879-F4C69DC975E9}.Release|x86.ActiveCfg = Release|x86
		{8BA7BE63-8CBA-4822-8879-F4C69DC975E9}.Release|x86.Build.0 = Release|x86
		{B4EEDB17-EB3D-4E22-AB7C-D8E366564B8F}.Debug|Any CPU.ActiveCfg = Debug|x86
		{B4EEDB17-EB3D-4E22-AB7C-D8E366564B8F}.Debug|x64.ActiveCfg = Debug|x64
		{B4EEDB17-EB3D-4E22-AB7C-D8E366564B8F}.Debug|x64.Build.0 = Debug|x64
		{B4EEDB17-EB3D-4E22-AB7C-D8E366564B8F}.Debug|x86.ActiveCfg = Debug|x86
		{B4EEDB17-EB3D-4E22-AB7C-D8E366564B8F}.Debug|x86.Build.0 = Debug|x86
		{B4EEDB17-EB3D-4E22-AB7C-D8E366564B8F}.Release|Any CPU.ActiveCfg = Release|x86
		{B4EEDB17-EB3D-4E22-AB7C-D8E366564B8F}.Release|x64.ActiveCfg = Release|x64
		{B4EEDB17-EB3D-4E22-AB7C-D8E366564B8F}.Release|x64.Build.0 = Release|x64
		{B4EEDB17-EB3D-4E22-AB7C-D8E366564B8F}.Release|x86.ActiveCfg = Release|x86
		{B4EEDB17-EB3D-4E22-AB7C-D8E366564B8F}.Release|x86.Build.0 = Release|x86
		{B1C2609B-A3ED-43E0-9DA2-DF27029D44FC}.Debug|Any CPU.ActiveCfg = Debug|x86
		{B1C2609B-A3ED-43E0-9DA2-DF27029D44FC}.Debug|x64.ActiveCfg = Debug|x64
		{B1C2609B-A3ED-43E0-9DA2-DF27029D44FC}.Debug|x64.Build.0 = Debug|x64
		{B1C2609B-A3ED-43E0-9DA2-DF27029D44FC}.Debug|x86.ActiveCfg = Debug|x86
		{B1C2609B-A3ED-43E0-9DA2-DF27029D44FC}.Debug|x86.Build.0 = Debug|x86
		{B1C2609B-A3ED-43E0-9DA2-DF27029D44FC}.Release|Any CPU.ActiveCfg = Release|x86
		{B1C2609B-A3ED-43E0-9DA2-DF27029D44FC}.Release|x64.ActiveCfg = Release|x64
		{B1C2609B-A3ED-43E0-9DA2-DF27029D44FC}.Release|x64.Build.0 = Release|x64
		{B1C2609B-A3ED-43E0-9DA2-DF27029D44FC}.Release|x86.ActiveCfg = Release|x86
		{B1C2609B-A3ED-43E0-9DA2-DF27029D44FC}.Release|x86.Build.0 = Release|x86
		{94C3209D-A3A9-4D3C-B851-C14D390CC23A}.Debug|Any CPU.ActiveCfg = Debug|x86
		{94C3209D-A3A9-4D3C-B851-C14D390CC23A}.Debug|x64.ActiveCfg = Debug|x64
		{94C3209D-A3A9-4D3C-B851-C14D390CC23A}.Debug|x64.Build.0 = Debug|x64
		{94C3209D-A3A9-4D3C-B851-C14D390CC23A}.Debug|x86.ActiveCfg = Debug|x86
		{94C3209D-A3A9-4D3C-B851-C14D390CC23A}.Debug|x86.Build.0 = Debug|x86
		{94C3209D-A3A9-4D3C-B851-C14D390CC23A}.Release|Any CPU.ActiveCfg = Release|x86
		{94C3209D-A3A9-4D3C-B851-C14D390CC23A}.Release|x64.ActiveCfg = Release|x64
		{94C3209D-A3A9-4D3C-B851-C14D390CC23A}.Release|x64.Build.0 = Release|x64
		{94C3209D-A3A9-4D3C-B851-C14D390CC23A}.Release|x86.ActiveCfg = Release|x86
		{94C3209D-A3A9-4D3C-B851-C14D390CC23A}.Release|x86.Build.0 = Release|x86
		{48A388BF-1160-46E5-A68C-E5A819026C6E}.Debug|Any CPU.ActiveCfg = Debug|x86
		{48A388BF-1160-46E5-A68C-E5A819026C6E}.Debug|x64.ActiveCfg = Debug|x64
		{48A388BF-1160-46E5-A68C-E5A819026C6E}.Debug|x64.Build.0 = Debug|x64
		{48A388BF-1160-46E5-A68C-E5A819026C6E}.Debug|x86.ActiveCfg = Debug|x86
		{48A388BF-1160-46E5-A68C-E5A819026C6E}.Debug|x86.Build.0 = Debug|x86
		{48A388BF-1160-46E5-A68C-E5A819026C6E}.Release|Any CPU.ActiveCfg = Release|x86
		{48A388BF-1160-46E5-A68C-E5A819026C6E}.Release|x64.ActiveCfg = Release|x64
		{48A388BF-1160-46E5-A68C-E5A819026C6E}.Release|x64.Build.0 = Release|x64
		{48A388BF-1160-46E5-A68C-E5A819026C6E}.Release|x86.ActiveCfg = Release|x86
		{48A388BF-1160-46E5-A68C-E5A819026C6E}.Release|x86.Build.0 = Release|x86
		{57F49817-A06C-4B8B-BC19-B6CD36800969}.Debug|Any CPU.ActiveCfg = Debug|x86
		{57F49817-A06C-4B8B-BC19-B6CD36800969}.Debug|x64.ActiveCfg = Debug|x64
		{57F49817-A06C-4B8B-BC19-B6CD36800969}.Debug|x64.Build.0 = Debug|x64
		{57F49817-A06C-4B8B-BC19-B6CD36800969}.Debug|x86.ActiveCfg = Debug|x86
		{57F49817-A06C-4B8B-BC19-B6CD36800969}.Debug|x86.Build.0 = Debug|x86
		{57F49817-A06C-4B8B-BC19-B6CD36800969}.Release|Any CPU.ActiveCfg = Release|x86
		{57F49817-A06C-4B8B-BC19-B6CD36800969}.Release|x64.ActiveCfg = Release|x64
		{57F49817-A06C-4B8B-BC19-B6CD36800969}.Release|x64.Build.0 = Release|x64
		{57F49817-A06C-4B8B-BC19-B6CD36800969}.Release|x86.ActiveCfg = Release|x86
		{57F49817-A06C-4B8B-BC19-B6CD36800969}.Release|x86.Build.0 = Release|x86
		{73F67444-D0E8-4EAC-8951-8B5C8D8F42CD}.Debug|Any CPU.ActiveCfg = Debug|x86
		{73F67444-D0E8-4EAC-8951-8B5C8D8F42CD}.Debug|x64.ActiveCfg = Debug|x64
		{73F67444-D0E8-4EAC-8951-8B5C8D8F42CD}.Debug|x64.Build.0 = Debug|x64
		{73F67444-D0E8-4EAC-8951-8B5C8D8F42CD}.Debug|x86.ActiveCfg = Debug|x86
		{73F67444-D0E8-4EAC-8951-8B5C8D8F42CD}.Debug|x86.Build.0 = Debug|x86
		{73F67444-D0E8-4EAC-8951-8B5C8D8F42CD}.Release|Any CPU.ActiveCfg = Release|x86
		{73F67444-D0E8-4EAC-8951-8B5C8D8F42CD}.Release|x64.ActiveCfg = Release|x64
		{73F67444-D0E8-4EAC-8951-8B5C8D8F42CD}.Release|x64.Build.0 = Release|x64
		{73F67444-D0E8-4EAC-8951-8B5C8D8F42CD}.Release|x86.ActiveCfg = Release|x86
		{73F67444-D0E8-4EAC-8951-8B5C8D8F42CD}.Release|x86.Build.0 = Release|x86
		{53D7A20D-84B5-499F-B183-D440854B7C8C}.Debug|Any CPU.ActiveCfg = Debug|x86
		{53D7A20D-84B5-499F-B183-D440854B7C8C}.Debug|x64.ActiveCfg = Debug|x64
		{53D7A20D-84B5-499F-B183-D440854B7C8C}.Debug|x64.Build.0 = Debug|x64
		{53D7A20D-84B5-499F-B183-D440854B7C8C}.Debug|x86.ActiveCfg = Debug|x86
		{53D7A20D-84B5-499F-B183-D440854B7C8C}.Debug|x86.Build.0 = Debug|x86
		{53D7A20D-84B5-499F-B183-D440854B7C8C}.Release|Any CPU.ActiveCfg = Release|x86
		{53D7A20D-84B5-499F-B183-D440854B7C8C}.Release|x64.ActiveCfg = Release|x64
		{53D7A20D-84B5-499F-B183-D440854B7C8C}.Release|x64.Build.0 = Release|x64
		{53D7A20D-84B5-499F-B183-D440854B7C8C}.Release|x86.ActiveCfg = Release|x86
		{53D7A20D-84B5-499F-B183-D440854B7C8C}.Release|x86.Build.0 = Release|x86
		{B3D6B10A-4C31-4981-97FA-3437CB583729}.Debug|Any CPU.ActiveCfg = Debug|x86
		{B3D6B10A-4C31-4981-97FA-3437CB583729}.Debug|x64.ActiveCfg = Debug|x64
		{B3D6B10A-4C31-4981-97FA-3437CB583729}.Debug|x64.Build.0 = Debug|x64
		{B3D6B10A-4C31-4981-97FA-3437CB583729}.Debug|x86.ActiveCfg = Debug|x86
		{B3D6B10A-4C31-4981-97FA-3437CB583729}.Debug|x86.Build.0 = Debug|x86
		{B3D6B10A-4C31-4981-97FA-3437CB583729}.Release|Any CPU.ActiveCfg = Release|x86
		{B3D6B10A-4C31-4981-97FA-3437CB583729}.Release|x64.ActiveCfg = Release|x64
		{B3D6B10A-4C31-4981-97FA-3437CB583729}.Release|x64.Build.0 = Release|x64
		{B3D6B10A-4C31-4981-97FA-3437CB583729}.Release|x86.ActiveCfg = Release|x86
		{B3D6B10A-4C31-4981-97FA-3437CB583729}.Release|x86.Build.0 = Release|x86
		{94FB234D-24AD-4FD9-BC79-0257073BC3EB}.Debug|Any CPU.ActiveCfg = Debug|x86
		{94FB234D-24AD-4FD9-BC79-0257073BC3EB}.Debug|x64.ActiveCfg = Debug|x64
		{94FB234D-24AD-4FD9-BC79-0257073BC3EB}.Debug|x64.Build.0 = Debug|x64
		{94FB234D-24AD-4FD9-BC79-0257073BC3EB}.Debug|x86.ActiveCfg = Debug|x86
		{94FB234D-24AD-4FD9-BC79-0257073BC3EB}.Debug|x86.Build.0 = Debug|x86
		{94FB234D-24AD-4FD9-BC79-0257073BC3EB}.Release|Any CPU.ActiveCfg = Release|x86
		{94FB234D-24AD-4FD9-BC79-0257073BC3EB}.Release|x64.ActiveCfg = Release|x64
		{94FB234D-24AD-4FD9-BC79-0257073BC3EB}.Release|x64.Build.0 = Release|x64
		{94FB234D-24AD-4FD9-BC79-0257073BC3EB}.Release|x86.ActiveCfg = Release|x86
		{94FB234D-24AD-4FD9-BC79-0257073BC3EB}.Release|x86.Build.0 = Release|x86
		{70026887-FD51-4A98-8E50-4B55F750013B}.Debug|Any CPU.ActiveCfg = Debug|x86
		{70026887-FD51-4A98-8E50-4B55F750013B}.Debug|x64.ActiveCfg = Debug|x64
		{70026887-FD51-4A98-8E50-4B55F750013B}.Debug|x64.Build.0 = Debug|x64
		{70026887-FD51-4A98-8E50-4B55F750013B}.Debug|x86.ActiveCfg = Debug|x86
		{70026887-FD51-4A98-8E50-4B55F750013B}.Debug|x86.Build.0 = Debug|x86
		{70026887-FD51-4A98-8E50-4B55F750013B}.Release|Any CPU.ActiveCfg = Release|x86
		{70026887-FD51-4A98-8E50-4B55F750013B}.Release|x64.ActiveCfg = Release|x64
		{70026887-FD51-4A98-8E50-4B55F750013B}.Release|x64.Build.0 = Release|x64
		{70026887-FD51-4A98-8E50-4B55F750013B}.Release|x86.ActiveCfg = Release|x86
		{70026887-FD51-4A98-8E50-4B55F750013B}.Release|x86.Build.0 = Release|x86
		{036A5D25-0AF4-4259-B83A-E04026F1749C}.Debug|Any CPU.ActiveCfg = Debug|x86
		{036A5D25-0AF4-4259-B83A-E04026F1749C}.Debug|x64.ActiveCfg = Debug|x64
		{036A5D25-0AF4-4259-B83A-E04026F1749C}.Debug|x64.Build.0 = Debug|x64
		{036A5D25-0AF4-4259-B83A-E04026F1749C}.Debug|x86.ActiveCfg = Debug|x86
		{036A5D25-0AF4-4259-B83A-E04026F1749C}.Debug|x86.Build.0 = Debug|x86
		{036A5D25-0AF4-4259-B83A-E04026F1749C}.Release|Any CPU.ActiveCfg = Release|x86
		{036A5D25-0AF4-4259-B83A-E04026F1749C}.Release|x64.ActiveCfg = Release|x64
		{036A5D25-0AF4-4259-B83A-E04026F1749C}.Release|x64.Build.0 = Release|x64
		{036A5D25-0AF4-4259-B83A-E04026F1749C}.Release|x86.ActiveCfg = Release|x86
		{036A5D25-0AF4-4259-B83A-E04026F1749C}.Release|x86.Build.0 = Release|x86
		{DB606377-AAA0-45BD-A6BE-4F4C4CD111AF}.Debug|Any CPU.ActiveCfg = Debug|x86
		{DB606377-AAA0-45BD-A6BE-4F4C4CD111AF}.Debug|x64.ActiveCfg = Debug|x64
		{DB606377-AAA0-45BD-A6BE-4F4C4CD111AF}.Debug|x64.Build.0 = Debug|x64
		{DB606377-AAA0-45BD-A6BE-4F4C4CD111AF}.Debug|x86.ActiveCfg = Debug|x86
		{DB606377-AAA0-45BD-A6BE-4F4C4CD111AF}.Debug|x86.Build.0 = Debug|x86
		{DB606377-AAA0-45BD-A6BE-4F4C4CD111AF}.Release|Any CPU.ActiveCfg = Release|x86
		{DB606377-AAA0-45BD-A6BE-4F4C4CD111AF}.Release|x64.ActiveCfg = Release|x64
		{DB606377-AAA0-45BD-A6BE-4F4C4CD111AF}.Release|x64.Build.0 = Release|x64
		{DB606377-AAA0-45BD-A6BE-4F4C4CD111AF}.Release|x86.ActiveCfg = Release|x86
		{DB606377-AAA0-45BD-A6BE-4F4C4CD111AF}.Release|x86.Build.0 = Release|x86
		{D22A8E54-B94B-4657-AAC3-09BA23F213F1}.Debug|Any CPU.ActiveCfg = Debug|x86
		{D22A8E54-B94B-4657-AAC3-09BA23F213F1}.Debug|x64.ActiveCfg = Debug|x64
		{D22A8E54-B94B-4657-AAC3-09BA23F213F1}.Debug|x64.Build.0 = Debug|x64
		{D22A8E54-B94B-4657-AAC3-09BA23F213F1}.Debug|x86.ActiveCfg = Debug|x86
		{D22A8E54-B94B-4657-AAC3-09BA23F213F1}.Debug|x86.Build.0 = Debug|x86
		{D22A8E54-B94B-4657-AAC3-09BA23F213F1}.Release|Any CPU.ActiveCfg = Release|x86
		{D22A8E54-B94B-4657-AAC3-09BA23F213F1}.Release|x64.ActiveCfg = Release|x64
		{D22A8E54-B94B-4657-AAC3-09BA23F213F1}.Release|x64.Build.0 = Release|x64
		{D22A8E54-B94B-4657-AAC3-09BA23F213F1}.Release|x86.ActiveCfg = Release|x86
		{D22A8E54-B94B-4657-AAC3-09BA23F213F1}.Release|x86.Build.0 = Release|x86
		{B85489F1-D87B-4740-AD9C-77195B8743F3}.Debug|Any CPU.ActiveCfg = Debug|x86
		{B85489F1-D87B-4740-AD9C-77195B8743F3}.Debug|x64.ActiveCfg = Debug|x64
		{B85489F1-D87B-4740-AD9C-77195B8743F3}.Debug|x64.Build.0 = Debug|x64
		{B85489F1-D87B-4740-AD9C-77195B8743F3}.Debug|x86.ActiveCfg = Debug|x86
		{B85489F1-D87B-4740-AD9C-77195B8743F3}.Debug|x86.Build.0 = Debug|x86
		{B85489F1-D87B-4740-AD9C-77195B8743F3}.Release|Any CPU.ActiveCfg = Release|x86
		{B85489F1-D87B-4740-AD9C-77195B8743F3}.Release|x64.ActiveCfg = Release|x64
		{B85489F1-D87B-4740-AD9C-77195B8743F3}.Release|x64.Build.0 = Release|x64
		{B85489F1-D87B-4740-AD9C-77195B8743F3}.Release|x86.ActiveCfg = Release|x86
		{B85489F1-D87B-4740-AD9C-77195B8743F3}.Release|x86.Build.0 = Release|x86
		{68766B32-0E50-4B96-987B-A8CB20535573}.Debug|Any CPU.ActiveCfg = Debug|x86
		{68766B32-0E50-4B96-987B-A8CB20535573}.Debug|x64.ActiveCfg = Debug|x64
		{68766B32-0E50-4B96-987B-A8CB20535573}.Debug|x64.Build.0 = Debug|x64
		{68766B32-0E50-4B96-987B-A8CB20535573}.Debug|x86.ActiveCfg = Debug|x86
		{68766B32-0E50-4B96-987B-A8CB20535573}.Debug|x86.Build.0 = Debug|x86
		{68766B32-0E50-4B96-987B-A8CB20535573}.Release|Any CPU.ActiveCfg = Release|x86
		{68766B32-0E50-4B96-987B-A8CB20535573}.Release|x64.ActiveCfg = Release|x64
		{68766B32-0E50-4B96-987B-A8CB20535573}.Release|x64.Build.0 = Release|x64
		{68766B32-0E50-4B96-987B-A8CB20535573}.Release|x86.ActiveCfg = Release|x86
		{68766B32-0E50-4B96-987B-A8CB20535573}.Release|x86.Build.0 = Release|x86
		{95227940-90F7-40B4-9027-3EEECD8ED6DE}.Debug|Any CPU.ActiveCfg = Debug|x86
		{95227940-90F7-40B4-9027-3EEECD8ED6DE}.Debug|x64.ActiveCfg = Debug|x64
		{95227940-90F7-40B4-9027-3EEECD8ED6DE}.Debug|x64.Build.0 = Debug|x64
		{95227940-90F7-40B4-9027-3EEECD8ED6DE}.Debug|x86.ActiveCfg = Debug|x86
		{95227940-90F7-40B4-9027-3EEECD8ED6DE}.Debug|x86.Build.0 = Debug|x86
		{95227940-90F7-40B4-9027-3EEECD8ED6DE}.Release|Any CPU.ActiveCfg = Release|x86
		{95227940-90F7-40B4-9027-3EEECD8ED6DE}.Release|x64.ActiveCfg = Release|x64
		{95227940-90F7-40B4-9027-3EEECD8ED6DE}.Release|x64.Build.0 = Release|x64
		{95227940-90F7-40B4-9027-3EEECD8ED6DE}.Release|x86.ActiveCfg = Release|x86
		{95227940-90F7-40B4-9027-3EEECD8ED6DE}.Release|x86.Build.0 = Release|x86
		{770BC631-DE5F-4D45-9F2D-B0A1C20661EE}.Debug|Any CPU.ActiveCfg = Debug|x86
		{770BC631-DE5F-4D45-9F2D-B0A1C20661EE}.Debug|x64.ActiveCfg = Debug|x64
		{770BC631-DE5F-4D45-9F2D-B0A1C20661EE}.Debug|x64.Build.0 = Debug|x64
		{770BC631-DE5F-4D45-9F2D-B0A1C20661EE}.Debug|x86.ActiveCfg = Debug|x86
		{770BC631-DE5F-4D45-9F2D-B0A1C20661EE}.Debug|x86.Build.0 = Debug|x86
		{770BC631-DE5F-4D45-9F2D-B0A1C20661EE}.Release|Any CPU.ActiveCfg = Release|x86
		{770BC631-DE5F-4D45-9F2D-B0A1C20661EE}.Release|x64.ActiveCfg = Release|x64
		{770BC631-DE5F-4D45-9F2D-B0A1C20661EE}.Release|x64.Build.0 = Release|x64
		{770BC631-DE5F-4D45-9F2D-B0A1C20661EE}.Release|x86.ActiveCfg = Release|x86
		{770BC631-DE5F-4D45-9F2D-B0A1C20661EE}.Release|x86.Build.0 = Release|x86
		{6209A699-8823-4A0B-8A0C-BDAE9CE52305}.Debug|Any CPU.ActiveCfg = Debug|x86
		{6209A699-8823-4A0B-8A0C-BDAE9CE52305}.Debug|x64.ActiveCfg = Debug|x64
		{6209A699-8823-4A0B-8A0C-BDAE9CE52305}.Debug|x64.Build.0 = Debug|x64
		{6209A699-8823-4A0B-8A0C-BDAE9CE52305}.Debug|x86.ActiveCfg = Debug|x86
		{6209A699-8823-4A0B-8A0C-BDAE9CE52305}.Debug|x86.Build.0 = Debug|x86
		{6209A699-8823-4A0B-8A0C-BDAE9CE52305}.Release|Any CPU.ActiveCfg = Release|x86
		{6209A699-8823-4A0B-8A0C-BDAE9CE52305}.Release|x64.ActiveCfg = Release|x64
		{6209A699-8823-4A0B-8A0C-BDAE9CE52305}.Release|x64.Build.0 = Release|x64
		{6209A699-8823-4A0B-8A0C-BDAE9CE52305}.Release|x86.ActiveCfg = Release|x86
		{6209A699-8823-4A0B-8A0C-BDAE9CE52305}.Release|x86.Build.0 = Release|x86
		{763B3662-8A27-45BE-90A6-B2BD51C2CA47}.Debug|Any CPU.ActiveCfg = Debug|x86
		{763B3662-8A27-45BE-90A6-B2BD51C2CA47}.Debug|x64.ActiveCfg = Debug|x64
		{763B3662-8A27-45BE-90A6-B2BD51C2CA47}.Debug|x64.Build.0 = Debug|x64
		{763B3662-8A27-45BE-90A6-B2BD51C2CA47}.Debug|x86.ActiveCfg = Debug|x86
		{763B3662-8A27-45BE-90A6-B2BD51C2CA47}.Debug|x86.Build.0 = Debug|x86
		{763B3662-8A27-45BE-90A6-B2BD51C2CA47}.Release|Any CPU.ActiveCfg = Release|x86
		{763B3662-8A27-45BE-90A6-B2BD51C2CA47}.Release|x64.ActiveCfg = Release|x64
		{763B3662-8A27-45BE-90A6-B2BD51C2CA47}.Release|x64.Build.0 = Release|x64
		{763B3662-8A27-45BE-90A6-B2BD51C2CA47}.Release|x86.ActiveCfg = Release|x86
		{763B3662-8A27-45BE-90A6-B2BD51C2CA47}.Release|x86.Build.0 = Release|x86
		{82739B38-8706-493D-A571-C743AFCEAD12}.Debug|Any CPU.ActiveCfg = Debug|x86
		{82739B38-8706-493D-A571-C743AFCEAD12}.Debug|x64.ActiveCfg = Debug|x64
		{82739B38-8706-493D-A571-C743AFCEAD12}.Debug|x64.Build.0 = Debug|x64
		{82739B38-8706-493D-A571-C743AFCEAD12}.Debug|x86.ActiveCfg = Debug|x86
		{82739B38-8706-493D-A571-C743AFCEAD12}.Debug|x86.Build.0 = Debug|x86
		{82739B38-8706-493D-A571-C743AFCEAD12}.Release|Any CPU.ActiveCfg = Release|x86
		{82739B38-8706-493D-A571-C743AFCEAD12}.Release|x64.ActiveCfg = Release|x64
		{82739B38-8706-493D-A571-C743AFCEAD12}.Release|x64.Build.0 = Release|x64
		{82739B38-8706-493D-A571-C743AFCEAD12}.Release|x86.ActiveCfg = Release|x86
		{82739B38-8706-493D-A571-C743AFCEAD12}.Release|x86.Build.0 = Release|x86
		{41CCE278-3322-4AEB-A637-1C1BFF69FE82}.Debug|Any CPU.ActiveCfg = Debug|x86
		{41CCE278-3322-4AEB-A637-1C1BFF69FE82}.Debug|x64.ActiveCfg = Debug|x64
		{41CCE278-3322-4AEB-A637-1C1BFF69FE82}.Debug|x64.Build.0 = Debug|x64
		{41CCE278-3322-4AEB-A637-1C1BFF69FE82}.Debug|x86.ActiveCfg = Debug|x86
		{41CCE278-3322-4AEB-A637-1C1BFF69FE82}.Debug|x86.Build.0 = Debug|x86
		{41CCE278-3322-4AEB-A637-1C1BFF69FE82}.Release|Any CPU.ActiveCfg = Release|x86
		{41CCE278-3322-4AEB-A637-1C1BFF69FE82}.Release|x64.ActiveCfg = Release|x64
		{41CCE278-3322-4AEB-A637-1C1BFF69FE82}.Release|x64.Build.0 = Release|x64
		{41CCE278-3322-4AEB-A637-1C1BFF69FE82}.Release|x86.ActiveCfg = Release|x86
		{41CCE278-3322-4AEB-A637-1C1BFF69FE82}.Release|x86.Build.0 = Release|x86
		{2D91750A-80C8-4218-8CEF-089EB651FE2E}.Debug|Any CPU.ActiveCfg = Debug|x86
		{2D91750A-80C8-4218-8CEF-089EB651FE2E}.Debug|x64.ActiveCfg = Debug|x64
		{2D91750A-80C8-4218-8CEF-089EB651FE2E}.Debug|x64.Build.0 = Debug|x64
		{2D91750A-80C8-4218-8CEF-089EB651FE2E}.Debug|x86.ActiveCfg = Debug|x86
		{2D91750A-80C8-4218-8CEF-089EB651FE2E}.Debug|x86.Build.0 = Debug|x86
		{2D91750A-80C8-4218-8CEF-089EB651FE2E}.Release|Any CPU.ActiveCfg = Release|x86
		{2D91750A-80C8-4218-8CEF-089EB651FE2E}.Release|x64.ActiveCfg = Release|x64
		{2D91750A-80C8-4218-8CEF-089EB651FE2E}.Release|x64.Build.0 = Release|x64
		{2D91750A-80C8-4218-8CEF-089EB651FE2E}.Release|x86.ActiveCfg = Release|x86
		{2D91750A-80C8-4218-8CEF-089EB651FE2E}.Release|x86.Build.0 = Release|x86
		{57412D65-9D51-407A-8ABC-6DE7314DCB27}.Debug|Any CPU.ActiveCfg = Debug|x86
		{57412D65-9D51-407A-8ABC-6DE7314DCB27}.Debug|x64.ActiveCfg = Debug|x64
		{57412D65-9D51-407A-8ABC-6DE7314DCB27}.Debug|x64.Build.0 = Debug|x64
		{57412D65-9D51-407A-8ABC-6DE7314DCB27}.Debug|x86.ActiveCfg = Debug|x86
		{57412D65-9D51-407A-8ABC-6DE7314DCB27}.Debug|x86.Build.0 = Debug|x86
		{57412D65-9D51-407A-8ABC-6DE7314DCB27}.Release|Any CPU.ActiveCfg = Release|x86
		{57412D65-9D51-407A-8ABC-6DE7314DCB27}.Release|x64.ActiveCfg = Release|x64
		{57412D65-9D51-407A-8ABC-6DE7314DCB27}.Release|x64.Build.0 = Release|x64
		{57412D65-9D51-407A-8ABC-6DE7314DCB27}.Release|x86.ActiveCfg = Release|x86
		{57412D65-9D51-407A-8ABC-6DE7314DCB27}.Release|x86.Build.0 = Release|x86
		{1600379B-C8B5-4375-A1D5-3B81BD7FCCF7}.Debug|Any CPU.ActiveCfg = Debug|x86
		{1600379B-C8B5-4375-A1D5-3B81BD7FCCF7}.Debug|x64.ActiveCfg = Debug|x64
		{1600379B-C8B5-4375-A1D5-3B81BD7FCCF7}.Debug|x64.Build.0 = Debug|x64
		{1600379B-C8B5-4375-A1D5-3B81BD7FCCF7}.Debug|x86.ActiveCfg = Debug|x86
		{1600379B-C8B5-4375-A1D5-3B81BD7FCCF7}.Debug|x86.Build.0 = Debug|x86
		{1600379B-C8B5-4375-A1D5-3B81BD7FCCF7}.Release|Any CPU.ActiveCfg = Release|x86
		{1600379B-C8B5-4375-A1D5-3B81BD7FCCF7}.Release|x64.ActiveCfg = Release|x64
		{1600379B-C8B5-4375-A1D5-3B81BD7FCCF7}.Release|x64.Build.0 = Release|x64
		{1600379B-C8B5-4375-A1D5-3B81BD7FCCF7}.Release|x86.ActiveCfg = Release|x86
		{1600379B-C8B5-4375-A1D5-3B81BD7FCCF7}.Release|x86.Build.0 = Release|x86
		{037D8DD3-B14B-437E-B573-AD54F6CB77AE}.Debug|Any CPU.ActiveCfg = Debug|x86
		{037D8DD3-B14B-437E-B573-AD54F6CB77AE}.Debug|x64.ActiveCfg = Debug|x64
		{037D8DD3-B14B-437E-B573-AD54F6CB77AE}.Debug|x64.Build.0 = Debug|x64
		{037D8DD3-B14B-437E-B573-AD54F6CB77AE}.Debug|x86.ActiveCfg = Debug|x86
		{037D8DD3-B14B-437E-B573-AD54F6CB77AE}.Debug|x86.Build.0 = Debug|x86
		{037D8DD3-B14B-437E-B573-AD54F6CB77AE}.Release|Any CPU.ActiveCfg = Release|x86
		{037D8DD3-B14B-437E-B573-AD54F6CB77AE}.Release|x64.ActiveCfg = Release|x64
		{037D8DD3-B14B-437E-B573-AD54F6CB77AE}.Release|x64.Build.0 = Release|x64
		{037D8DD3-B14B-437E-B573-AD54F6CB77AE}.Release|x86.ActiveCfg = Release|x86
		{037D8DD3-B14B-437E-B573-AD54F6CB77AE}.Release|x86.Build.0 = Release|x86
		{0BE5E6DA-3063-4E00-AA63-4AD3AC413BAF}.Debug|Any CPU.ActiveCfg = Debug|x86
		{0BE5E6DA-3063-4E00-AA63-4AD3AC413BAF}.Debug|x64.ActiveCfg = Debug|x64
		{0BE5E6DA-3063-4E00-AA63-4AD3AC413BAF}.Debug|x64.Build.0 = Debug|x64
		{0BE5E6DA-3063-4E00-AA63-4AD3AC413BAF}.Debug|x86.ActiveCfg = Debug|x86
		{0BE5E6DA-3063-4E00-AA63-4AD3AC413BAF}.Debug|x86.Build.0 = Debug|x86
		{0BE5E6DA-3063-4E00-AA63-4AD3AC413BAF}.Release|Any CPU.ActiveCfg = Release|x86
		{0BE5E6DA-3063-4E00-AA63-4AD3AC413BAF}.Release|x64.ActiveCfg = Release|x64
		{0BE5E6DA-3063-4E00-AA63-4AD3AC413BAF}.Release|x64.Build.0 = Release|x64
		{0BE5E6DA-3063-4E00-AA63-4AD3AC413BAF}.Release|x86.ActiveCfg = Release|x86
		{0BE5E6DA-3063-4E00-AA63-4AD3AC413BAF}.Release|x86.Build.0 = Release|x86
		{DDA66E69-0D5D-419E-A760-05D2303E43F1}.Debug|Any CPU.ActiveCfg = Debug|x86
		{DDA66E69-0D5D-419E-A760-05D2303E43F1}.Debug|x64.ActiveCfg = Debug|x64
		{DDA66E69-0D5D-419E-A760-05D2303E43F1}.Debug|x64.Build.0 = Debug|x64
		{DDA66E69-0D5D-419E-A760-05D2303E43F1}.Debug|x86.ActiveCfg = Debug|x86
		{DDA66E69-0D5D-419E-A760-05D2303E43F1}.Debug|x86.Build.0 = Debug|x86
		{DDA66E69-0D5D-419E-A760-05D2303E43F1}.Release|Any CPU.ActiveCfg = Release|x86
		{DDA66E69-0D5D-419E-A760-05D2303E43F1}.Release|x64.ActiveCfg = Release|x64
		{DDA66E69-0D5D-419E-A760-05D2303E43F1}.Release|x64.Build.0 = Release|x64
		{DDA66E69-0D5D-419E-A760-05D2303E43F1}.Release|x86.ActiveCfg = Release|x86
		{DDA66E69-0D5D-419E-A760-05D2303E43F1}.Release|x86.Build.0 = Release|x86
		{F4418D0A-FADB-4B35-8F75-EAF8DAD80D8E}.Debug|Any CPU.ActiveCfg = Debug|x86
		{F4418D0A-FADB-4B35-8F75-EAF8DAD80D8E}.Debug|x64.ActiveCfg = Debug|x64
		{F4418D0A-FADB-4B35-8F75-EAF8DAD80D8E}.Debug|x64.Build.0 = Debug|x64
		{F4418D0A-FADB-4B35-8F75-EAF8DAD80D8E}.Debug|x86.ActiveCfg = Debug|x86
		{F4418D0A-FADB-4B35-8F75-EAF8DAD80D8E}.Debug|x86.Build.0 = Debug|x86
		{F4418D0A-FADB-4B35-8F75-EAF8DAD80D8E}.Release|Any CPU.ActiveCfg = Release|x86
		{F4418D0A-FADB-4B35-8F75-EAF8DAD80D8E}.Release|x64.ActiveCfg = Release|x64
		{F4418D0A-FADB-4B35-8F75-EAF8DAD80D8E}.Release|x64.Build.0 = Release|x64
		{F4418D0A-FADB-4B35-8F75-EAF8DAD80D8E}.Release|x86.ActiveCfg = Release|x86
		{F4418D0A-FADB-4B35-8F75-EAF8DAD80D8E}.Release|x86.Build.0 = Release|x86
		{D8292AE6-0A1B-411A-848D-BC3B3ADA5C26}.Debug|Any CPU.ActiveCfg = Debug|x86
		{D8292AE6-0A1B-411A-848D-BC3B3ADA5C26}.Debug|x64.ActiveCfg = Debug|x64
		{D8292AE6-0A1B-411A-848D-BC3B3ADA5C26}.Debug|x64.Build.0 = Debug|x64
		{D8292AE6-0A1B-411A-848D-BC3B3ADA5C26}.Debug|x86.ActiveCfg = Debug|x86
		{D8292AE6-0A1B-411A-848D-BC3B3ADA5C26}.Debug|x86.Build.0 = Debug|x86
		{D8292AE6-0A1B-411A-848D-BC3B3ADA5C26}.Release|Any CPU.ActiveCfg = Release|x86
		{D8292AE6-0A1B-411A-848D-BC3B3ADA5C26}.Release|x64.ActiveCfg = Release|x64
		{D8292AE6-0A1B-411A-848D-BC3B3ADA5C26}.Release|x64.Build.0 = Release|x64
		{D8292AE6-0A1B-411A-848D-BC3B3ADA5C26}.Release|x86.ActiveCfg = Release|x86
		{D8292AE6-0A1B-411A-848D-BC3B3ADA5C26}.Release|x86.Build.0 = Release|x86
		{22B205AF-0D40-4854-BDE8-65961840DB5D}.Debug|Any CPU.ActiveCfg = Debug|x86
		{22B205AF-0D40-4854-BDE8-65961840DB5D}.Debug|x64.ActiveCfg = Debug|x64
		{22B205AF-0D40-4854-BDE8-65961840DB5D}.Debug|x64.Build.0 = Debug|x64
		{22B205AF-0D40-4854-BDE8-65961840DB5D}.Debug|x86.ActiveCfg = Debug|x86
		{22B205AF-0D40-4854-BDE8-65961840DB5D}.Debug|x86.Build.0 = Debug|x86
		{22B205AF-0D40-4854-BDE8-65961840DB5D}.Release|Any CPU.ActiveCfg = Release|x86
		{22B205AF-0D40-4854-BDE8-65961840DB5D}.Release|x64.ActiveCfg = Release|x64
		{22B205AF-0D40-4854-BDE8-65961840DB5D}.Release|x64.Build.0 = Release|x64
		{22B205AF-0D40-4854-BDE8-65961840DB5D}.Release|x86.ActiveCfg = Release|x86
		{22B205AF-0D40-4854-BDE8-65961840DB5D}.Release|x86.Build.0 = Release|x86
		{CD67992A-B207-4289-8094-FDC0468626DD}.Debug|Any CPU.ActiveCfg = Debug|Any CPU
		{CD67992A-B207-4289-8094-FDC0468626DD}.Debug|Any CPU.Build.0 = Debug|Any CPU
		{CD67992A-B207-4289-8094-FDC0468626DD}.Debug|x64.ActiveCfg = Debug|Any CPU
		{CD67992A-B207-4289-8094-FDC0468626DD}.Debug|x64.Build.0 = Debug|Any CPU
		{CD67992A-B207-4289-8094-FDC0468626DD}.Debug|x86.ActiveCfg = Debug|Any CPU
		{CD67992A-B207-4289-8094-FDC0468626DD}.Debug|x86.Build.0 = Debug|Any CPU
		{CD67992A-B207-4289-8094-FDC0468626DD}.Release|Any CPU.ActiveCfg = Release|Any CPU
		{CD67992A-B207-4289-8094-FDC0468626DD}.Release|Any CPU.Build.0 = Release|Any CPU
		{CD67992A-B207-4289-8094-FDC0468626DD}.Release|x64.ActiveCfg = Release|Any CPU
		{CD67992A-B207-4289-8094-FDC0468626DD}.Release|x64.Build.0 = Release|Any CPU
		{CD67992A-B207-4289-8094-FDC0468626DD}.Release|x86.ActiveCfg = Release|Any CPU
		{CD67992A-B207-4289-8094-FDC0468626DD}.Release|x86.Build.0 = Release|Any CPU
		{5C711185-32C4-4E5A-9D54-40B077C1C562}.Debug|Any CPU.ActiveCfg = Debug|Any CPU
		{5C711185-32C4-4E5A-9D54-40B077C1C562}.Debug|Any CPU.Build.0 = Debug|Any CPU
		{5C711185-32C4-4E5A-9D54-40B077C1C562}.Debug|x64.ActiveCfg = Debug|Any CPU
		{5C711185-32C4-4E5A-9D54-40B077C1C562}.Debug|x64.Build.0 = Debug|Any CPU
		{5C711185-32C4-4E5A-9D54-40B077C1C562}.Debug|x86.ActiveCfg = Debug|Any CPU
		{5C711185-32C4-4E5A-9D54-40B077C1C562}.Debug|x86.Build.0 = Debug|Any CPU
		{5C711185-32C4-4E5A-9D54-40B077C1C562}.Release|Any CPU.ActiveCfg = Release|Any CPU
		{5C711185-32C4-4E5A-9D54-40B077C1C562}.Release|Any CPU.Build.0 = Release|Any CPU
		{5C711185-32C4-4E5A-9D54-40B077C1C562}.Release|x64.ActiveCfg = Release|Any CPU
		{5C711185-32C4-4E5A-9D54-40B077C1C562}.Release|x64.Build.0 = Release|Any CPU
		{5C711185-32C4-4E5A-9D54-40B077C1C562}.Release|x86.ActiveCfg = Release|Any CPU
		{5C711185-32C4-4E5A-9D54-40B077C1C562}.Release|x86.Build.0 = Release|Any CPU
	EndGlobalSection
	GlobalSection(SolutionProperties) = preSolution
		HideSolutionNode = FALSE
	EndGlobalSection
	GlobalSection(NestedProjects) = preSolution
		{1C98A821-B030-4FF2-83AE-D49B1B3B8C67} = {5C74393F-90D6-4DB3-9205-833430CD3B3B}
		{932485EA-2F95-4CAA-8BCD-DF68C496854E} = {A8C0F5A1-EAFF-44E5-9817-A0518C98A397}
		{3BD77E4F-A348-4EDB-B60C-68B749249B91} = {5C74393F-90D6-4DB3-9205-833430CD3B3B}
		{84ACB6C4-CF62-4F4B-A7E5-5C642EDC041A} = {649AEE74-ED98-485A-A69C-8EB8ECAD7892}
		{8BA7BE63-8CBA-4822-8879-F4C69DC975E9} = {84B78181-2142-4B58-9FDC-0C21C5733A58}
		{B4EEDB17-EB3D-4E22-AB7C-D8E366564B8F} = {649AEE74-ED98-485A-A69C-8EB8ECAD7892}
		{B1C2609B-A3ED-43E0-9DA2-DF27029D44FC} = {FDBF5E05-EFEB-42F6-A830-A2A5AB11543C}
		{94C3209D-A3A9-4D3C-B851-C14D390CC23A} = {FDBF5E05-EFEB-42F6-A830-A2A5AB11543C}
		{48A388BF-1160-46E5-A68C-E5A819026C6E} = {FDBF5E05-EFEB-42F6-A830-A2A5AB11543C}
		{1DC9BB56-E42F-4E1B-834A-7AE65A19FC8F} = {EAF51737-908F-464B-94A0-2CCD55AFB5F6}
		{074A959E-0969-4785-B674-9062FAB72CCB} = {EAF51737-908F-464B-94A0-2CCD55AFB5F6}
		{57F49817-A06C-4B8B-BC19-B6CD36800969} = {1DC9BB56-E42F-4E1B-834A-7AE65A19FC8F}
		{73F67444-D0E8-4EAC-8951-8B5C8D8F42CD} = {1DC9BB56-E42F-4E1B-834A-7AE65A19FC8F}
		{53D7A20D-84B5-499F-B183-D440854B7C8C} = {074A959E-0969-4785-B674-9062FAB72CCB}
		{B3D6B10A-4C31-4981-97FA-3437CB583729} = {074A959E-0969-4785-B674-9062FAB72CCB}
		{94FB234D-24AD-4FD9-BC79-0257073BC3EB} = {074A959E-0969-4785-B674-9062FAB72CCB}
		{70026887-FD51-4A98-8E50-4B55F750013B} = {1DC9BB56-E42F-4E1B-834A-7AE65A19FC8F}
		{036A5D25-0AF4-4259-B83A-E04026F1749C} = {074A959E-0969-4785-B674-9062FAB72CCB}
		{3467FB3C-B5F1-47F3-A1C3-2B7C1456F332} = {EAF51737-908F-464B-94A0-2CCD55AFB5F6}
		{DB606377-AAA0-45BD-A6BE-4F4C4CD111AF} = {3467FB3C-B5F1-47F3-A1C3-2B7C1456F332}
		{D22A8E54-B94B-4657-AAC3-09BA23F213F1} = {3467FB3C-B5F1-47F3-A1C3-2B7C1456F332}
		{B85489F1-D87B-4740-AD9C-77195B8743F3} = {3467FB3C-B5F1-47F3-A1C3-2B7C1456F332}
		{68766B32-0E50-4B96-987B-A8CB20535573} = {3467FB3C-B5F1-47F3-A1C3-2B7C1456F332}
		{15A52137-959D-4D79-AEAE-8A47B2D47C24} = {EAF51737-908F-464B-94A0-2CCD55AFB5F6}
		{95227940-90F7-40B4-9027-3EEECD8ED6DE} = {15A52137-959D-4D79-AEAE-8A47B2D47C24}
		{770BC631-DE5F-4D45-9F2D-B0A1C20661EE} = {15A52137-959D-4D79-AEAE-8A47B2D47C24}
		{6209A699-8823-4A0B-8A0C-BDAE9CE52305} = {15A52137-959D-4D79-AEAE-8A47B2D47C24}
		{763B3662-8A27-45BE-90A6-B2BD51C2CA47} = {15A52137-959D-4D79-AEAE-8A47B2D47C24}
		{82739B38-8706-493D-A571-C743AFCEAD12} = {1DC9BB56-E42F-4E1B-834A-7AE65A19FC8F}
		{41CCE278-3322-4AEB-A637-1C1BFF69FE82} = {84B78181-2142-4B58-9FDC-0C21C5733A58}
		{2D91750A-80C8-4218-8CEF-089EB651FE2E} = {84B78181-2142-4B58-9FDC-0C21C5733A58}
		{57412D65-9D51-407A-8ABC-6DE7314DCB27} = {84B78181-2142-4B58-9FDC-0C21C5733A58}
		{1600379B-C8B5-4375-A1D5-3B81BD7FCCF7} = {69F0708B-CABE-4DB0-BB23-1381E0394DC5}
		{037D8DD3-B14B-437E-B573-AD54F6CB77AE} = {84B78181-2142-4B58-9FDC-0C21C5733A58}
		{0BE5E6DA-3063-4E00-AA63-4AD3AC413BAF} = {84B78181-2142-4B58-9FDC-0C21C5733A58}
		{DDA66E69-0D5D-419E-A760-05D2303E43F1} = {84B78181-2142-4B58-9FDC-0C21C5733A58}
		{F4418D0A-FADB-4B35-8F75-EAF8DAD80D8E} = {72884909-54E3-4256-901A-2B2B8B0B31FD}
		{D8292AE6-0A1B-411A-848D-BC3B3ADA5C26} = {84B78181-2142-4B58-9FDC-0C21C5733A58}
		{22B205AF-0D40-4854-BDE8-65961840DB5D} = {5C74393F-90D6-4DB3-9205-833430CD3B3B}
		{CD67992A-B207-4289-8094-FDC0468626DD} = {84B78181-2142-4B58-9FDC-0C21C5733A58}
		{5C711185-32C4-4E5A-9D54-40B077C1C562} = {84B78181-2142-4B58-9FDC-0C21C5733A58}
	EndGlobalSection
EndGlobal
